
Microsoft Visual Studio Solution File, Format Version 12.00
# Visual Studio Version 17
VisualStudioVersion = 17.1.32407.343
MinimumVisualStudioVersion = 10.0.40219.1
Project("{9A19103F-16F7-4668-BE54-9A1E7A4F7556}") = "ReplaceAttach", "ReplaceAttach\ReplaceAttach.csproj", "{A2F23DC8-610B-4704-B212-401158850CE2}"
EndProject
Global
	GlobalSection(SolutionConfigurationPlatforms) = preSolution
		Debug|Any CPU = Debug|Any CPU
		Release|Any CPU = Release|Any CPU
	EndGlobalSection
	GlobalSection(ProjectConfigurationPlatforms) = postSolution
		{A2F23DC8-610B-4704-B212-401158850CE2}.Debug|Any CPU.ActiveCfg = Debug|Any CPU
		{A2F23DC8-610B-4704-B212-401158850CE2}.Debug|Any CPU.Build.0 = Debug|Any CPU
		{A2F23DC8-610B-4704-B212-401158850CE2}.Release|Any CPU.ActiveCfg = Release|Any CPU
		{A2F23DC8-610B-4704-B212-401158850CE2}.Release|Any CPU.Build.0 = Release|Any CPU
	EndGlobalSection
	GlobalSection(SolutionProperties) = preSolution
		HideSolutionNode = FALSE
	EndGlobalSection
	GlobalSection(ExtensibilityGlobals) = postSolution
		SolutionGuid = {672B06E3-0EC6-41BC-BE2D-2E92659C60EF}
	EndGlobalSection
EndGlobal
