Microsoft Visual Studio Solution File, Format Version 11.00
# Visual Studio 2010
Project("{FAE04EC0-301F-11D3-BF4B-00C04F79EFBC}") = "SavingContact", "SavingContact.csproj", "{5F3DF3D8-86ED-46D9-BAE3-B6A66B06BFFC}"
EndProject
Global
	GlobalSection(SolutionConfigurationPlatforms) = preSolution
		Debug|Any CPU = Debug|Any CPU
		Release|Any CPU = Release|Any CPU
	EndGlobalSection
	GlobalSection(ProjectConfigurationPlatforms) = postSolution
		{5F3DF3D8-86ED-46D9-BAE3-B6A66B06BFFC}.Debug|Any CPU.ActiveCfg = Debug|Any CPU
		{5F3DF3D8-86ED-46D9-BAE3-B6A66B06BFFC}.Debug|Any CPU.Build.0 = Debug|Any CPU
		{5F3DF3D8-86ED-46D9-BAE3-B6A66B06BFFC}.Release|Any CPU.ActiveCfg = Release|Any CPU
	EndGlobalSection
	GlobalSection(SolutionProperties) = preSolution
		HideSolutionNode = FALSE
	EndGlobalSection
EndGlobal
