Microsoft Visual Studio Solution File, Format Version 9.00
# Visual Studio 2005
Project("{2150E333-8FDC-42A3-9474-1A3956D46DE8}") = "ProgrammersGuide", "ProgrammersGuide", "{92296BD7-541A-4ADF-90E7-5982154451B2}"
EndProject
Project("{2150E333-8FDC-42A3-9474-1A3956D46DE8}") = "ProgrammingEmail", "ProgrammingEmail", "{0BF96160-5DF3-40AD-9148-355E1D0387C5}"
EndProject
Project("{FAE04EC0-301F-11D3-BF4B-00C04F79EFBC}") = "CreateNewEmail", "ProgrammersGuide\ProgrammingEmail\CreateNewEmail\CSharp\CreateNewEmail.csproj", "{8234BC50-4EA2-4848-8B55-8B4E8D078364}"
EndProject
Project("{FAE04EC0-301F-11D3-BF4B-00C04F79EFBC}") = "SaveMessageAsDraft", "ProgrammersGuide\ProgrammingEmail\SaveMessageAsDraft\CSharp\SaveMessageAsDraft.csproj", "{16B01DD8-FB7E-48D9-884B-1F33376B02C2}"
EndProject
Project("{2150E333-8FDC-42A3-9474-1A3956D46DE8}") = "SendingWithSMTP", "SendingWithSMTP", "{FF5DC993-6F33-4725-96AE-6266826E2628}"
EndProject
Project("{FAE04EC0-301F-11D3-BF4B-00C04F79EFBC}") = "AppointmentInICSFormat", "ProgrammersGuide\ProgrammingEmail\SendingWithSMTP\AppointmentInICSFormat\CSharp\AppointmentInICSFormat.csproj", "{A1F55D12-74EB-4D9A-A456-4D952CD8228B}"
EndProject
Project("{FAE04EC0-301F-11D3-BF4B-00C04F79EFBC}") = "ManagingEmailAttachments", "ProgrammersGuide\ProgrammingEmail\SendingWithSMTP\ManagingEmailAttachments\CSharp\ManagingEmailAttachments.csproj", "{6BC9D6E5-19A3-4B63-A394-AD4563157D37}"
EndProject
Project("{FAE04EC0-301F-11D3-BF4B-00C04F79EFBC}") = "EmbeddedObjects", "ProgrammersGuide\ProgrammingEmail\SendingWithSMTP\EmbeddedObjects\CSharp\EmbeddedObjects.csproj", "{2048899E-965D-4BB2-9541-C1BEEDF68423}"
EndProject
Project("{FAE04EC0-301F-11D3-BF4B-00C04F79EFBC}") = "CustomizingEmailHeaders", "ProgrammersGuide\ProgrammingEmail\SendingWithSMTP\CustomizingEmailHeaders\CSharp\CustomizingEmailHeaders.csproj", "{499A1DDF-63E0-43CA-9137-79989B32C642}"
EndProject
Project("{FAE04EC0-301F-11D3-BF4B-00C04F79EFBC}") = "SendingEmails", "ProgrammersGuide\ProgrammingEmail\SendingWithSMTP\SendingEmails\CSharp\SendingEmails.csproj", "{09E3DA3B-634A-403F-8F26-A1C172F7B5A2}"
EndProject
Project("{FAE04EC0-301F-11D3-BF4B-00C04F79EFBC}") = "SSLEnabledSMTPServer", "ProgrammersGuide\ProgrammingEmail\SendingWithSMTP\SSLEnabledSMTPServer\CSharp\SSLEnabledSMTPServer.csproj", "{FC9DA44D-3074-4737-9752-B883640185FF}"
EndProject
Project("{FAE04EC0-301F-11D3-BF4B-00C04F79EFBC}") = "MultipleRecipients", "ProgrammersGuide\ProgrammingEmail\SendingWithSMTP\MultipleRecipients\CSharp\MultipleRecipients.csproj", "{871045BA-8BEA-4543-9081-BCDA5BD967F2}"
EndProject
Project("{FAE04EC0-301F-11D3-BF4B-00C04F79EFBC}") = "MeetingRequests", "ProgrammersGuide\ProgrammingEmail\SendingWithSMTP\MeetingRequests\CSharp\MeetingRequests.csproj", "{8F9F0EE0-194C-47C3-B82F-744CC8B5F98A}"
EndProject
Project("{FAE04EC0-301F-11D3-BF4B-00C04F79EFBC}") = "MailMerge", "ProgrammersGuide\ProgrammingEmail\SendingWithSMTP\MailMerge\CSharp\MailMerge.csproj", "{BEF750E8-2995-4E9F-BEF3-BBA261F489DD}"
EndProject
Project("{FAE04EC0-301F-11D3-BF4B-00C04F79EFBC}") = "SendingEMLFilesWithSMTP", "ProgrammersGuide\ProgrammingEmail\SendingWithSMTP\SendingEMLFilesWithSMTP\CSharp\SendingEMLFilesWithSMTP.csproj", "{7F2AA12E-4B17-4123-85A8-3BB526B070FA}"
EndProject
Project("{FAE04EC0-301F-11D3-BF4B-00C04F79EFBC}") = "LoadSmtpConfigFile", "ProgrammersGuide\ProgrammingEmail\SendingWithSMTP\LoadSmtpConfigFile\CSharp\LoadSmtpConfigFile.csproj", "{37C7F2E2-D8CF-4A15-8802-EEF79939808A}"
EndProject
Project("{2150E333-8FDC-42A3-9474-1A3956D46DE8}") = "SetMailBody", "SetMailBody", "{7C845F24-551B-43C7-BB08-FD4C0F8B5B09}"
EndProject
Project("{FAE04EC0-301F-11D3-BF4B-00C04F79EFBC}") = "SettingHTMLBody", "ProgrammersGuide\ProgrammingEmail\SendingWithSMTP\SetMailBody\SettingHTMLBody\CSharp\SettingHTMLBody.csproj", "{FF371D66-CED6-4180-B3CA-4E4AAC0AF775}"
EndProject
Project("{FAE04EC0-301F-11D3-BF4B-00C04F79EFBC}") = "SettingTextBody", "ProgrammersGuide\ProgrammingEmail\SendingWithSMTP\SetMailBody\SettingTextBody\CSharp\SettingTextBody.csproj", "{497BC9BE-2C52-4DFC-A062-EF93451694F9}"
EndProject
Project("{2150E333-8FDC-42A3-9474-1A3956D46DE8}") = "ImportingExportingEmails", "ImportingExportingEmails", "{DFA77D6C-477A-4027-A8B1-406473645FB3}"
EndProject
Project("{FAE04EC0-301F-11D3-BF4B-00C04F79EFBC}") = "ImportEML", "ProgrammersGuide\ProgrammingEmail\SendingWithSMTP\ImportingExportingEmails\ImportEML\CSharp\ImportEML.csproj", "{9D0420E6-C762-4025-A70D-147998579961}"
EndProject
Project("{FAE04EC0-301F-11D3-BF4B-00C04F79EFBC}") = "ExportAsEML", "ProgrammersGuide\ProgrammingEmail\SendingWithSMTP\ImportingExportingEmails\ExportAsEML\CSharp\ExportAsEML.csproj", "{2DBA76E0-621B-4F0D-8399-0CD98C733E4C}"
EndProject
Project("{2150E333-8FDC-42A3-9474-1A3956D46DE8}") = "ProtocolUtilityFeatures", "ProtocolUtilityFeatures", "{3F44F41C-ED12-45E3-A071-E6DA6D03AEC3}"
EndProject
Project("{FAE04EC0-301F-11D3-BF4B-00C04F79EFBC}") = "SetEmailInfo", "ProgrammersGuide\ProgrammingEmail\SendingWithSMTP\ProtocolUtilityFeatures\SetEmailInfo\CSharp\SetEmailInfo.csproj", "{0CA07E61-2B04-42C9-B07C-403F23AA099F}"
EndProject
Project("{FAE04EC0-301F-11D3-BF4B-00C04F79EFBC}") = "DeliveryNotifications", "ProgrammersGuide\ProgrammingEmail\SendingWithSMTP\ProtocolUtilityFeatures\DeliveryNotifications\CSharp\DeliveryNotifications.csproj", "{665CDFE7-824C-4CDA-9E2F-6643661EEC34}"
EndProject
Project("{FAE04EC0-301F-11D3-BF4B-00C04F79EFBC}") = "CustomizingEmailHeader", "ProgrammersGuide\ProgrammingEmail\SendingWithSMTP\ProtocolUtilityFeatures\CustomizingEmailHeader\CSharp\CustomizingEmailHeader.csproj", "{0FD462DF-859D-403A-A62B-3CB97F2D54A6}"
EndProject
Project("{2150E333-8FDC-42A3-9474-1A3956D46DE8}") = "AsposeEmailHowTos", "AsposeEmailHowTos", "{C4021EFB-78BC-47BC-95D3-F936C7CDD528}"
EndProject
Project("{FAE04EC0-301F-11D3-BF4B-00C04F79EFBC}") = "DraftAppointmentRequest", "ProgrammersGuide\ProgrammingEmail\AsposeEmailHowTos\DraftAppointmentRequest\CSharp\DraftAppointmentRequest.csproj", "{7CB30327-164E-4197-A09A-73DDF5CFE05B}"
EndProject
Project("{2150E333-8FDC-42A3-9474-1A3956D46DE8}") = "ManageEmailMessages", "ManageEmailMessages", "{B55D7FA5-FA7D-4E65-8BEF-9DB2D5438967}"
EndProject
Project("{FAE04EC0-301F-11D3-BF4B-00C04F79EFBC}") = "ExtractingEmailHeaders", "ProgrammersGuide\ProgrammingEmail\ManageEmailMessages\ExtractingEmailHeaders\CSharp\ExtractingEmailHeaders.csproj", "{62EC2793-504C-4945-85DA-9D9FC2E8B235}"
EndProject
Project("{FAE04EC0-301F-11D3-BF4B-00C04F79EFBC}") = "DisplayEmailInformation", "ProgrammersGuide\ProgrammingEmail\ManageEmailMessages\DisplayEmailInformation\CSharp\DisplayEmailInformation.csproj", "{CC1C16FB-D565-4A95-9341-4B2A65F3BD95}"
EndProject
Project("{2150E333-8FDC-42A3-9474-1A3956D46DE8}") = "ManagingEmailMessagesPOP3", "ManagingEmailMessagesPOP3", "{38F38B8D-F437-418E-8EED-4666C766848D}"
EndProject
Project("{FAE04EC0-301F-11D3-BF4B-00C04F79EFBC}") = "ConnectingToPOP3", "ProgrammersGuide\ProgrammingEmail\ManagingEmailMessagesPOP3\ConnectingToPOP3\CSharp\ConnectingToPOP3.csproj", "{975DBF6E-9D13-48E6-BF93-203A556B4AEA}"
EndProject
Project("{FAE04EC0-301F-11D3-BF4B-00C04F79EFBC}") = "SSLEnabledPOP3Server", "ProgrammersGuide\ProgrammingEmail\ManagingEmailMessagesPOP3\SSLEnabledPOP3Server\CSharp\SSLEnabledPOP3Server.csproj", "{8933809D-7E66-45B4-8B9A-13C35F98E741}"
EndProject
Project("{FAE04EC0-301F-11D3-BF4B-00C04F79EFBC}") = "GettingMailboxInfo", "ProgrammersGuide\ProgrammingEmail\ManagingEmailMessagesPOP3\GettingMailboxInfo\CSharp\GettingMailboxInfo.csproj", "{12EEC77D-FB2C-4A1E-A901-FF6C76E22EA2}"
EndProject
Project("{2150E333-8FDC-42A3-9474-1A3956D46DE8}") = "ReceivingAndSavingToDisk", "ReceivingAndSavingToDisk", "{F11468FE-120A-41DA-A844-02D4FC571FC9}"
EndProject
Project("{FAE04EC0-301F-11D3-BF4B-00C04F79EFBC}") = "RetrievingEmailHeaders", "ProgrammersGuide\ProgrammingEmail\ManagingEmailMessagesPOP3\ReceivingAndSavingToDisk\RetrievingEmailHeaders\CSharp\RetrievingEmailHeaders.csproj", "{19DB1DE4-D171-412E-B2A3-D9E03A3E4C7E}"
EndProject
Project("{FAE04EC0-301F-11D3-BF4B-00C04F79EFBC}") = "RetrievingEmailMessages", "ProgrammersGuide\ProgrammingEmail\ManagingEmailMessagesPOP3\ReceivingAndSavingToDisk\RetrievingEmailMessages\CSharp\RetrievingEmailMessages.csproj", "{2359C02B-FE82-4FF1-A82C-5A88C489FBA0}"
EndProject
Project("{FAE04EC0-301F-11D3-BF4B-00C04F79EFBC}") = "SaveToDiskWithoutParsing", "ProgrammersGuide\ProgrammingEmail\ManagingEmailMessagesPOP3\ReceivingAndSavingToDisk\SaveToDiskWithoutParsing\CSharp\SaveToDiskWithoutParsing.csproj", "{EAE35D66-6344-423B-903F-7FCEE1C0A18E}"
EndProject
Project("{FAE04EC0-301F-11D3-BF4B-00C04F79EFBC}") = "ParseMessageAndSave", "ProgrammersGuide\ProgrammingEmail\ManagingEmailMessagesPOP3\ReceivingAndSavingToDisk\ParseMessageAndSave\CSharp\ParseMessageAndSave.csproj", "{E97BE81D-F2E0-4D28-8391-77AC8135B0FE}"
EndProject
Project("{FAE04EC0-301F-11D3-BF4B-00C04F79EFBC}") = "RecipientInformation", "ProgrammersGuide\ProgrammingEmail\ManagingEmailMessagesPOP3\ReceivingAndSavingToDisk\RecipientInformation\CSharp\RecipientInformation.csproj", "{1EF174AF-CEA8-4626-BC53-8213A161B992}"
EndProject
Project("{2150E333-8FDC-42A3-9474-1A3956D46DE8}") = "ManagingEmailsWithIMAP", "ManagingEmailsWithIMAP", "{2F6C8621-6612-4CE1-A336-7AF358253C53}"
EndProject
Project("{FAE04EC0-301F-11D3-BF4B-00C04F79EFBC}") = "ConnectingWithIMAPServer", "ProgrammersGuide\ProgrammingEmail\ManagingEmailsWithIMAP\ConnectingWithIMAPServer\CSharp\ConnectingWithIMAPServer.csproj", "{2F845F55-A6CB-43B5-A73E-911BCF922082}"
EndProject
Project("{FAE04EC0-301F-11D3-BF4B-00C04F79EFBC}") = "SSLEnabledIMAPServer", "ProgrammersGuide\ProgrammingEmail\ManagingEmailsWithIMAP\SSLEnabledIMAPServer\CSharp\SSLEnabledIMAPServer.csproj", "{BF96DE01-8A3F-475E-ACDE-F8248A1C4DBF}"
EndProject
Project("{FAE04EC0-301F-11D3-BF4B-00C04F79EFBC}") = "MessagesFromIMAPServerToDisk", "ProgrammersGuide\ProgrammingEmail\ManagingEmailsWithIMAP\MessagesFromIMAPServerToDisk\CSharp\MessagesFromIMAPServerToDisk.csproj", "{AE291005-662A-409D-999C-E8A74891FC6D}"
EndProject
Project("{FAE04EC0-301F-11D3-BF4B-00C04F79EFBC}") = "SettingMessageFlags", "ProgrammersGuide\ProgrammingEmail\ManagingEmailsWithIMAP\SettingMessageFlags\CSharp\SettingMessageFlags.csproj", "{6B01E022-26F6-4983-B7DF-D744C6383BB2}"
EndProject
Project("{FAE04EC0-301F-11D3-BF4B-00C04F79EFBC}") = "RemovingMessageFlags", "ProgrammersGuide\ProgrammingEmail\ManagingEmailsWithIMAP\RemovingMessageFlags\CSharp\RemovingMessageFlags.csproj", "{AAF42EFE-682C-4A57-A394-94A1E8C3305C}"
EndProject
Project("{FAE04EC0-301F-11D3-BF4B-00C04F79EFBC}") = "AddingNewMessage", "ProgrammersGuide\ProgrammingEmail\ManagingEmailsWithIMAP\AddingNewMessage\CSharp\AddingNewMessage.csproj", "{D33982E3-8FF1-44A3-971E-4E8994CDB71A}"
EndProject
Project("{FAE04EC0-301F-11D3-BF4B-00C04F79EFBC}") = "GettingFoldersInformation", "ProgrammersGuide\ProgrammingEmail\ManagingEmailsWithIMAP\GettingFoldersInformation\CSharp\GettingFoldersInformation.csproj", "{29B7BF08-C989-45CF-AF7D-2310F7BD8EEF}"
EndProject
Project("{FAE04EC0-301F-11D3-BF4B-00C04F79EFBC}") = "ReadMessagesRecursively", "ProgrammersGuide\ProgrammingEmail\ManagingEmailsWithIMAP\ReadMessagesRecursively\CSharp\ReadMessagesRecursively.csproj", "{5492F8A8-13FC-4E46-AA87-87D8F02AC9BA}"
EndProject
Project("{2150E333-8FDC-42A3-9474-1A3956D46DE8}") = "DeletingAndRenamingFolders", "DeletingAndRenamingFolders", "{FB3DB86F-D748-4EDA-B1C7-DC0E4F1F3EE8}"
EndProject
Project("{FAE04EC0-301F-11D3-BF4B-00C04F79EFBC}") = "RenamingFolders", "ProgrammersGuide\ProgrammingEmail\ManagingEmailsWithIMAP\DeletingAndRenamingFolders\RenamingFolders\CSharp\RenamingFolders.csproj", "{0CECBC8C-73E1-4020-9498-09954DE048D8}"
EndProject
Project("{FAE04EC0-301F-11D3-BF4B-00C04F79EFBC}") = "DeletingFolders", "ProgrammersGuide\ProgrammingEmail\ManagingEmailsWithIMAP\DeletingAndRenamingFolders\DeletingFolders\CSharp\DeletingFolders.csproj", "{3D31898B-1FA5-4EE6-B96D-670B112A32A0}"
EndProject
Project("{2150E333-8FDC-42A3-9474-1A3956D46DE8}") = "ProgrammingOutlook", "ProgrammingOutlook", "{F9314CF0-6B0E-4765-B329-EDCB1F52A35F}"
EndProject
Project("{2150E333-8FDC-42A3-9474-1A3956D46DE8}") = "ManageMessageFiles", "ManageMessageFiles", "{B205CF51-A560-4F8C-BA9E-D2169F5A4CD9}"
EndProject
Project("{FAE04EC0-301F-11D3-BF4B-00C04F79EFBC}") = "NewPSTAddSubfolders", "ProgrammersGuide\ProgrammingOutlook\ManageMessageFiles\NewPSTAddSubfolders\CSharp\NewPSTAddSubfolders.csproj", "{08EED74A-ED15-4B8D-ACD9-12E92EBD5CA6}"
EndProject
Project("{2150E333-8FDC-42A3-9474-1A3956D46DE8}") = "WorkWithOutlookMSGFiles", "WorkWithOutlookMSGFiles", "{A394D786-C468-465F-9FFE-932878B0E1F6}"
EndProject
Project("{FAE04EC0-301F-11D3-BF4B-00C04F79EFBC}") = "CreateSaveOutlookFiles", "ProgrammersGuide\ProgrammingOutlook\WorkWithOutlookMSGFiles\CreateSaveOutlookFiles\CSharp\CreateSaveOutlookFiles.csproj", "{3AE0CBEB-CD64-4EAD-88A6-2EEC9E63F738}"
EndProject
Project("{2150E333-8FDC-42A3-9474-1A3956D46DE8}") = "KnowledgeBase", "KnowledgeBase", "{159E1AA3-B02E-4B4A-915D-3F2DA5C72D27}"
EndProject
Project("{FAE04EC0-301F-11D3-BF4B-00C04F79EFBC}") = "PrintingFeatures", "KnowledgeBase\PrintingFeatures\CSharp\PrintingFeatures.csproj", "{3B2CCB0C-B2FA-447C-A73D-DDF5B6DC711F}"
EndProject
Global
	GlobalSection(SolutionConfigurationPlatforms) = preSolution
		Debug|Any CPU = Debug|Any CPU
		Release|Any CPU = Release|Any CPU
	EndGlobalSection
	GlobalSection(ProjectConfigurationPlatforms) = postSolution
		{8234BC50-4EA2-4848-8B55-8B4E8D078364}.Debug|Any CPU.ActiveCfg = Debug|Any CPU
		{8234BC50-4EA2-4848-8B55-8B4E8D078364}.Debug|Any CPU.Build.0 = Debug|Any CPU
		{8234BC50-4EA2-4848-8B55-8B4E8D078364}.Release|Any CPU.ActiveCfg = Release|Any CPU
		{16B01DD8-FB7E-48D9-884B-1F33376B02C2}.Debug|Any CPU.ActiveCfg = Debug|Any CPU
		{16B01DD8-FB7E-48D9-884B-1F33376B02C2}.Debug|Any CPU.Build.0 = Debug|Any CPU
		{16B01DD8-FB7E-48D9-884B-1F33376B02C2}.Release|Any CPU.ActiveCfg = Release|Any CPU
		{A1F55D12-74EB-4D9A-A456-4D952CD8228B}.Debug|Any CPU.ActiveCfg = Debug|Any CPU
		{A1F55D12-74EB-4D9A-A456-4D952CD8228B}.Debug|Any CPU.Build.0 = Debug|Any CPU
		{A1F55D12-74EB-4D9A-A456-4D952CD8228B}.Release|Any CPU.ActiveCfg = Release|Any CPU
		{6BC9D6E5-19A3-4B63-A394-AD4563157D37}.Debug|Any CPU.ActiveCfg = Debug|Any CPU
		{6BC9D6E5-19A3-4B63-A394-AD4563157D37}.Debug|Any CPU.Build.0 = Debug|Any CPU
		{6BC9D6E5-19A3-4B63-A394-AD4563157D37}.Release|Any CPU.ActiveCfg = Release|Any CPU
		{2048899E-965D-4BB2-9541-C1BEEDF68423}.Debug|Any CPU.ActiveCfg = Debug|Any CPU
		{2048899E-965D-4BB2-9541-C1BEEDF68423}.Debug|Any CPU.Build.0 = Debug|Any CPU
		{2048899E-965D-4BB2-9541-C1BEEDF68423}.Release|Any CPU.ActiveCfg = Release|Any CPU
		{499A1DDF-63E0-43CA-9137-79989B32C642}.Debug|Any CPU.ActiveCfg = Debug|Any CPU
		{499A1DDF-63E0-43CA-9137-79989B32C642}.Debug|Any CPU.Build.0 = Debug|Any CPU
		{499A1DDF-63E0-43CA-9137-79989B32C642}.Release|Any CPU.ActiveCfg = Release|Any CPU
		{09E3DA3B-634A-403F-8F26-A1C172F7B5A2}.Debug|Any CPU.ActiveCfg = Debug|Any CPU
		{09E3DA3B-634A-403F-8F26-A1C172F7B5A2}.Debug|Any CPU.Build.0 = Debug|Any CPU
		{09E3DA3B-634A-403F-8F26-A1C172F7B5A2}.Release|Any CPU.ActiveCfg = Release|Any CPU
		{FC9DA44D-3074-4737-9752-B883640185FF}.Debug|Any CPU.ActiveCfg = Debug|Any CPU
		{FC9DA44D-3074-4737-9752-B883640185FF}.Debug|Any CPU.Build.0 = Debug|Any CPU
		{FC9DA44D-3074-4737-9752-B883640185FF}.Release|Any CPU.ActiveCfg = Release|Any CPU
		{871045BA-8BEA-4543-9081-BCDA5BD967F2}.Debug|Any CPU.ActiveCfg = Debug|Any CPU
		{871045BA-8BEA-4543-9081-BCDA5BD967F2}.Debug|Any CPU.Build.0 = Debug|Any CPU
		{871045BA-8BEA-4543-9081-BCDA5BD967F2}.Release|Any CPU.ActiveCfg = Release|Any CPU
		{8F9F0EE0-194C-47C3-B82F-744CC8B5F98A}.Debug|Any CPU.ActiveCfg = Debug|Any CPU
		{8F9F0EE0-194C-47C3-B82F-744CC8B5F98A}.Debug|Any CPU.Build.0 = Debug|Any CPU
		{8F9F0EE0-194C-47C3-B82F-744CC8B5F98A}.Release|Any CPU.ActiveCfg = Release|Any CPU
		{BEF750E8-2995-4E9F-BEF3-BBA261F489DD}.Debug|Any CPU.ActiveCfg = Debug|Any CPU
		{BEF750E8-2995-4E9F-BEF3-BBA261F489DD}.Debug|Any CPU.Build.0 = Debug|Any CPU
		{BEF750E8-2995-4E9F-BEF3-BBA261F489DD}.Release|Any CPU.ActiveCfg = Release|Any CPU
		{7F2AA12E-4B17-4123-85A8-3BB526B070FA}.Debug|Any CPU.ActiveCfg = Debug|Any CPU
		{7F2AA12E-4B17-4123-85A8-3BB526B070FA}.Debug|Any CPU.Build.0 = Debug|Any CPU
		{7F2AA12E-4B17-4123-85A8-3BB526B070FA}.Release|Any CPU.ActiveCfg = Release|Any CPU
		{37C7F2E2-D8CF-4A15-8802-EEF79939808A}.Debug|Any CPU.ActiveCfg = Debug|Any CPU
		{37C7F2E2-D8CF-4A15-8802-EEF79939808A}.Debug|Any CPU.Build.0 = Debug|Any CPU
		{37C7F2E2-D8CF-4A15-8802-EEF79939808A}.Release|Any CPU.ActiveCfg = Release|Any CPU
		{FF371D66-CED6-4180-B3CA-4E4AAC0AF775}.Debug|Any CPU.ActiveCfg = Debug|Any CPU
		{FF371D66-CED6-4180-B3CA-4E4AAC0AF775}.Debug|Any CPU.Build.0 = Debug|Any CPU
		{FF371D66-CED6-4180-B3CA-4E4AAC0AF775}.Release|Any CPU.ActiveCfg = Release|Any CPU
		{497BC9BE-2C52-4DFC-A062-EF93451694F9}.Debug|Any CPU.ActiveCfg = Debug|Any CPU
		{497BC9BE-2C52-4DFC-A062-EF93451694F9}.Debug|Any CPU.Build.0 = Debug|Any CPU
		{497BC9BE-2C52-4DFC-A062-EF93451694F9}.Release|Any CPU.ActiveCfg = Release|Any CPU
		{9D0420E6-C762-4025-A70D-147998579961}.Debug|Any CPU.ActiveCfg = Debug|Any CPU
		{9D0420E6-C762-4025-A70D-147998579961}.Debug|Any CPU.Build.0 = Debug|Any CPU
		{9D0420E6-C762-4025-A70D-147998579961}.Release|Any CPU.ActiveCfg = Release|Any CPU
		{2DBA76E0-621B-4F0D-8399-0CD98C733E4C}.Debug|Any CPU.ActiveCfg = Debug|Any CPU
		{2DBA76E0-621B-4F0D-8399-0CD98C733E4C}.Debug|Any CPU.Build.0 = Debug|Any CPU
		{2DBA76E0-621B-4F0D-8399-0CD98C733E4C}.Release|Any CPU.ActiveCfg = Release|Any CPU
		{0CA07E61-2B04-42C9-B07C-403F23AA099F}.Debug|Any CPU.ActiveCfg = Debug|Any CPU
		{0CA07E61-2B04-42C9-B07C-403F23AA099F}.Debug|Any CPU.Build.0 = Debug|Any CPU
		{0CA07E61-2B04-42C9-B07C-403F23AA099F}.Release|Any CPU.ActiveCfg = Release|Any CPU
		{665CDFE7-824C-4CDA-9E2F-6643661EEC34}.Debug|Any CPU.ActiveCfg = Debug|Any CPU
		{665CDFE7-824C-4CDA-9E2F-6643661EEC34}.Debug|Any CPU.Build.0 = Debug|Any CPU
		{665CDFE7-824C-4CDA-9E2F-6643661EEC34}.Release|Any CPU.ActiveCfg = Release|Any CPU
		{0FD462DF-859D-403A-A62B-3CB97F2D54A6}.Debug|Any CPU.ActiveCfg = Debug|Any CPU
		{0FD462DF-859D-403A-A62B-3CB97F2D54A6}.Debug|Any CPU.Build.0 = Debug|Any CPU
		{0FD462DF-859D-403A-A62B-3CB97F2D54A6}.Release|Any CPU.ActiveCfg = Release|Any CPU
		{7CB30327-164E-4197-A09A-73DDF5CFE05B}.Debug|Any CPU.ActiveCfg = Debug|Any CPU
		{7CB30327-164E-4197-A09A-73DDF5CFE05B}.Debug|Any CPU.Build.0 = Debug|Any CPU
		{7CB30327-164E-4197-A09A-73DDF5CFE05B}.Release|Any CPU.ActiveCfg = Release|Any CPU
		{62EC2793-504C-4945-85DA-9D9FC2E8B235}.Debug|Any CPU.ActiveCfg = Debug|Any CPU
		{62EC2793-504C-4945-85DA-9D9FC2E8B235}.Debug|Any CPU.Build.0 = Debug|Any CPU
		{62EC2793-504C-4945-85DA-9D9FC2E8B235}.Release|Any CPU.ActiveCfg = Release|Any CPU
		{CC1C16FB-D565-4A95-9341-4B2A65F3BD95}.Debug|Any CPU.ActiveCfg = Debug|Any CPU
		{CC1C16FB-D565-4A95-9341-4B2A65F3BD95}.Debug|Any CPU.Build.0 = Debug|Any CPU
		{CC1C16FB-D565-4A95-9341-4B2A65F3BD95}.Release|Any CPU.ActiveCfg = Release|Any CPU
		{975DBF6E-9D13-48E6-BF93-203A556B4AEA}.Debug|Any CPU.ActiveCfg = Debug|Any CPU
		{975DBF6E-9D13-48E6-BF93-203A556B4AEA}.Debug|Any CPU.Build.0 = Debug|Any CPU
		{975DBF6E-9D13-48E6-BF93-203A556B4AEA}.Release|Any CPU.ActiveCfg = Release|Any CPU
		{8933809D-7E66-45B4-8B9A-13C35F98E741}.Debug|Any CPU.ActiveCfg = Debug|Any CPU
		{8933809D-7E66-45B4-8B9A-13C35F98E741}.Debug|Any CPU.Build.0 = Debug|Any CPU
		{8933809D-7E66-45B4-8B9A-13C35F98E741}.Release|Any CPU.ActiveCfg = Release|Any CPU
		{12EEC77D-FB2C-4A1E-A901-FF6C76E22EA2}.Debug|Any CPU.ActiveCfg = Debug|Any CPU
		{12EEC77D-FB2C-4A1E-A901-FF6C76E22EA2}.Debug|Any CPU.Build.0 = Debug|Any CPU
		{12EEC77D-FB2C-4A1E-A901-FF6C76E22EA2}.Release|Any CPU.ActiveCfg = Release|Any CPU
		{19DB1DE4-D171-412E-B2A3-D9E03A3E4C7E}.Debug|Any CPU.ActiveCfg = Debug|Any CPU
		{19DB1DE4-D171-412E-B2A3-D9E03A3E4C7E}.Debug|Any CPU.Build.0 = Debug|Any CPU
		{19DB1DE4-D171-412E-B2A3-D9E03A3E4C7E}.Release|Any CPU.ActiveCfg = Release|Any CPU
		{2359C02B-FE82-4FF1-A82C-5A88C489FBA0}.Debug|Any CPU.ActiveCfg = Debug|Any CPU
		{2359C02B-FE82-4FF1-A82C-5A88C489FBA0}.Debug|Any CPU.Build.0 = Debug|Any CPU
		{2359C02B-FE82-4FF1-A82C-5A88C489FBA0}.Release|Any CPU.ActiveCfg = Release|Any CPU
		{EAE35D66-6344-423B-903F-7FCEE1C0A18E}.Debug|Any CPU.ActiveCfg = Debug|Any CPU
		{EAE35D66-6344-423B-903F-7FCEE1C0A18E}.Debug|Any CPU.Build.0 = Debug|Any CPU
		{EAE35D66-6344-423B-903F-7FCEE1C0A18E}.Release|Any CPU.ActiveCfg = Release|Any CPU
		{E97BE81D-F2E0-4D28-8391-77AC8135B0FE}.Debug|Any CPU.ActiveCfg = Debug|Any CPU
		{E97BE81D-F2E0-4D28-8391-77AC8135B0FE}.Debug|Any CPU.Build.0 = Debug|Any CPU
		{E97BE81D-F2E0-4D28-8391-77AC8135B0FE}.Release|Any CPU.ActiveCfg = Release|Any CPU
		{1EF174AF-CEA8-4626-BC53-8213A161B992}.Debug|Any CPU.ActiveCfg = Debug|Any CPU
		{1EF174AF-CEA8-4626-BC53-8213A161B992}.Debug|Any CPU.Build.0 = Debug|Any CPU
		{1EF174AF-CEA8-4626-BC53-8213A161B992}.Release|Any CPU.ActiveCfg = Release|Any CPU
		{2F845F55-A6CB-43B5-A73E-911BCF922082}.Debug|Any CPU.ActiveCfg = Debug|Any CPU
		{2F845F55-A6CB-43B5-A73E-911BCF922082}.Debug|Any CPU.Build.0 = Debug|Any CPU
		{2F845F55-A6CB-43B5-A73E-911BCF922082}.Release|Any CPU.ActiveCfg = Release|Any CPU
		{BF96DE01-8A3F-475E-ACDE-F8248A1C4DBF}.Debug|Any CPU.ActiveCfg = Debug|Any CPU
		{BF96DE01-8A3F-475E-ACDE-F8248A1C4DBF}.Debug|Any CPU.Build.0 = Debug|Any CPU
		{BF96DE01-8A3F-475E-ACDE-F8248A1C4DBF}.Release|Any CPU.ActiveCfg = Release|Any CPU
		{AE291005-662A-409D-999C-E8A74891FC6D}.Debug|Any CPU.ActiveCfg = Debug|Any CPU
		{AE291005-662A-409D-999C-E8A74891FC6D}.Debug|Any CPU.Build.0 = Debug|Any CPU
		{AE291005-662A-409D-999C-E8A74891FC6D}.Release|Any CPU.ActiveCfg = Release|Any CPU
		{6B01E022-26F6-4983-B7DF-D744C6383BB2}.Debug|Any CPU.ActiveCfg = Debug|Any CPU
		{6B01E022-26F6-4983-B7DF-D744C6383BB2}.Debug|Any CPU.Build.0 = Debug|Any CPU
		{6B01E022-26F6-4983-B7DF-D744C6383BB2}.Release|Any CPU.ActiveCfg = Release|Any CPU
		{AAF42EFE-682C-4A57-A394-94A1E8C3305C}.Debug|Any CPU.ActiveCfg = Debug|Any CPU
		{AAF42EFE-682C-4A57-A394-94A1E8C3305C}.Debug|Any CPU.Build.0 = Debug|Any CPU
		{AAF42EFE-682C-4A57-A394-94A1E8C3305C}.Release|Any CPU.ActiveCfg = Release|Any CPU
		{D33982E3-8FF1-44A3-971E-4E8994CDB71A}.Debug|Any CPU.ActiveCfg = Debug|Any CPU
		{D33982E3-8FF1-44A3-971E-4E8994CDB71A}.Debug|Any CPU.Build.0 = Debug|Any CPU
		{D33982E3-8FF1-44A3-971E-4E8994CDB71A}.Release|Any CPU.ActiveCfg = Release|Any CPU
		{29B7BF08-C989-45CF-AF7D-2310F7BD8EEF}.Debug|Any CPU.ActiveCfg = Debug|Any CPU
		{29B7BF08-C989-45CF-AF7D-2310F7BD8EEF}.Debug|Any CPU.Build.0 = Debug|Any CPU
		{29B7BF08-C989-45CF-AF7D-2310F7BD8EEF}.Release|Any CPU.ActiveCfg = Release|Any CPU
		{5492F8A8-13FC-4E46-AA87-87D8F02AC9BA}.Debug|Any CPU.ActiveCfg = Debug|Any CPU
		{5492F8A8-13FC-4E46-AA87-87D8F02AC9BA}.Debug|Any CPU.Build.0 = Debug|Any CPU
		{5492F8A8-13FC-4E46-AA87-87D8F02AC9BA}.Release|Any CPU.ActiveCfg = Release|Any CPU
		{0CECBC8C-73E1-4020-9498-09954DE048D8}.Debug|Any CPU.ActiveCfg = Debug|Any CPU
		{0CECBC8C-73E1-4020-9498-09954DE048D8}.Debug|Any CPU.Build.0 = Debug|Any CPU
		{0CECBC8C-73E1-4020-9498-09954DE048D8}.Release|Any CPU.ActiveCfg = Release|Any CPU
		{3D31898B-1FA5-4EE6-B96D-670B112A32A0}.Debug|Any CPU.ActiveCfg = Debug|Any CPU
		{3D31898B-1FA5-4EE6-B96D-670B112A32A0}.Debug|Any CPU.Build.0 = Debug|Any CPU
		{3D31898B-1FA5-4EE6-B96D-670B112A32A0}.Release|Any CPU.ActiveCfg = Release|Any CPU
		{08EED74A-ED15-4B8D-ACD9-12E92EBD5CA6}.Debug|Any CPU.ActiveCfg = Debug|Any CPU
		{08EED74A-ED15-4B8D-ACD9-12E92EBD5CA6}.Debug|Any CPU.Build.0 = Debug|Any CPU
		{08EED74A-ED15-4B8D-ACD9-12E92EBD5CA6}.Release|Any CPU.ActiveCfg = Release|Any CPU
		{3AE0CBEB-CD64-4EAD-88A6-2EEC9E63F738}.Debug|Any CPU.ActiveCfg = Debug|Any CPU
		{3AE0CBEB-CD64-4EAD-88A6-2EEC9E63F738}.Debug|Any CPU.Build.0 = Debug|Any CPU
		{3AE0CBEB-CD64-4EAD-88A6-2EEC9E63F738}.Release|Any CPU.ActiveCfg = Release|Any CPU
		{3B2CCB0C-B2FA-447C-A73D-DDF5B6DC711F}.Debug|Any CPU.ActiveCfg = Debug|Any CPU
		{3B2CCB0C-B2FA-447C-A73D-DDF5B6DC711F}.Debug|Any CPU.Build.0 = Debug|Any CPU
		{3B2CCB0C-B2FA-447C-A73D-DDF5B6DC711F}.Release|Any CPU.ActiveCfg = Release|Any CPU
	EndGlobalSection
	GlobalSection(SolutionProperties) = preSolution
		HideSolutionNode = FALSE
	EndGlobalSection
	GlobalSection(NestedProjects) = preSolution
		{0BF96160-5DF3-40AD-9148-355E1D0387C5} = {92296BD7-541A-4ADF-90E7-5982154451B2}
		{8234BC50-4EA2-4848-8B55-8B4E8D078364} = {0BF96160-5DF3-40AD-9148-355E1D0387C5}
		{16B01DD8-FB7E-48D9-884B-1F33376B02C2} = {0BF96160-5DF3-40AD-9148-355E1D0387C5}
		{FF5DC993-6F33-4725-96AE-6266826E2628} = {0BF96160-5DF3-40AD-9148-355E1D0387C5}
		{A1F55D12-74EB-4D9A-A456-4D952CD8228B} = {FF5DC993-6F33-4725-96AE-6266826E2628}
		{6BC9D6E5-19A3-4B63-A394-AD4563157D37} = {FF5DC993-6F33-4725-96AE-6266826E2628}
		{2048899E-965D-4BB2-9541-C1BEEDF68423} = {FF5DC993-6F33-4725-96AE-6266826E2628}
		{499A1DDF-63E0-43CA-9137-79989B32C642} = {FF5DC993-6F33-4725-96AE-6266826E2628}
		{09E3DA3B-634A-403F-8F26-A1C172F7B5A2} = {FF5DC993-6F33-4725-96AE-6266826E2628}
		{FC9DA44D-3074-4737-9752-B883640185FF} = {FF5DC993-6F33-4725-96AE-6266826E2628}
		{871045BA-8BEA-4543-9081-BCDA5BD967F2} = {FF5DC993-6F33-4725-96AE-6266826E2628}
		{8F9F0EE0-194C-47C3-B82F-744CC8B5F98A} = {FF5DC993-6F33-4725-96AE-6266826E2628}
		{BEF750E8-2995-4E9F-BEF3-BBA261F489DD} = {FF5DC993-6F33-4725-96AE-6266826E2628}
		{7F2AA12E-4B17-4123-85A8-3BB526B070FA} = {FF5DC993-6F33-4725-96AE-6266826E2628}
		{37C7F2E2-D8CF-4A15-8802-EEF79939808A} = {FF5DC993-6F33-4725-96AE-6266826E2628}
		{7C845F24-551B-43C7-BB08-FD4C0F8B5B09} = {FF5DC993-6F33-4725-96AE-6266826E2628}
		{FF371D66-CED6-4180-B3CA-4E4AAC0AF775} = {7C845F24-551B-43C7-BB08-FD4C0F8B5B09}
		{497BC9BE-2C52-4DFC-A062-EF93451694F9} = {7C845F24-551B-43C7-BB08-FD4C0F8B5B09}
		{DFA77D6C-477A-4027-A8B1-406473645FB3} = {FF5DC993-6F33-4725-96AE-6266826E2628}
		{9D0420E6-C762-4025-A70D-147998579961} = {DFA77D6C-477A-4027-A8B1-406473645FB3}
		{2DBA76E0-621B-4F0D-8399-0CD98C733E4C} = {DFA77D6C-477A-4027-A8B1-406473645FB3}
		{3F44F41C-ED12-45E3-A071-E6DA6D03AEC3} = {FF5DC993-6F33-4725-96AE-6266826E2628}
		{0CA07E61-2B04-42C9-B07C-403F23AA099F} = {3F44F41C-ED12-45E3-A071-E6DA6D03AEC3}
		{665CDFE7-824C-4CDA-9E2F-6643661EEC34} = {3F44F41C-ED12-45E3-A071-E6DA6D03AEC3}
		{0FD462DF-859D-403A-A62B-3CB97F2D54A6} = {3F44F41C-ED12-45E3-A071-E6DA6D03AEC3}
		{C4021EFB-78BC-47BC-95D3-F936C7CDD528} = {0BF96160-5DF3-40AD-9148-355E1D0387C5}
		{7CB30327-164E-4197-A09A-73DDF5CFE05B} = {C4021EFB-78BC-47BC-95D3-F936C7CDD528}
		{B55D7FA5-FA7D-4E65-8BEF-9DB2D5438967} = {0BF96160-5DF3-40AD-9148-355E1D0387C5}
		{62EC2793-504C-4945-85DA-9D9FC2E8B235} = {B55D7FA5-FA7D-4E65-8BEF-9DB2D5438967}
		{CC1C16FB-D565-4A95-9341-4B2A65F3BD95} = {B55D7FA5-FA7D-4E65-8BEF-9DB2D5438967}
		{38F38B8D-F437-418E-8EED-4666C766848D} = {0BF96160-5DF3-40AD-9148-355E1D0387C5}
		{975DBF6E-9D13-48E6-BF93-203A556B4AEA} = {38F38B8D-F437-418E-8EED-4666C766848D}
		{8933809D-7E66-45B4-8B9A-13C35F98E741} = {38F38B8D-F437-418E-8EED-4666C766848D}
		{12EEC77D-FB2C-4A1E-A901-FF6C76E22EA2} = {38F38B8D-F437-418E-8EED-4666C766848D}
		{F11468FE-120A-41DA-A844-02D4FC571FC9} = {38F38B8D-F437-418E-8EED-4666C766848D}
		{19DB1DE4-D171-412E-B2A3-D9E03A3E4C7E} = {F11468FE-120A-41DA-A844-02D4FC571FC9}
		{2359C02B-FE82-4FF1-A82C-5A88C489FBA0} = {F11468FE-120A-41DA-A844-02D4FC571FC9}
		{EAE35D66-6344-423B-903F-7FCEE1C0A18E} = {F11468FE-120A-41DA-A844-02D4FC571FC9}
		{E97BE81D-F2E0-4D28-8391-77AC8135B0FE} = {F11468FE-120A-41DA-A844-02D4FC571FC9}
		{1EF174AF-CEA8-4626-BC53-8213A161B992} = {F11468FE-120A-41DA-A844-02D4FC571FC9}
		{2F6C8621-6612-4CE1-A336-7AF358253C53} = {0BF96160-5DF3-40AD-9148-355E1D0387C5}
		{2F845F55-A6CB-43B5-A73E-911BCF922082} = {2F6C8621-6612-4CE1-A336-7AF358253C53}
		{BF96DE01-8A3F-475E-ACDE-F8248A1C4DBF} = {2F6C8621-6612-4CE1-A336-7AF358253C53}
		{AE291005-662A-409D-999C-E8A74891FC6D} = {2F6C8621-6612-4CE1-A336-7AF358253C53}
		{6B01E022-26F6-4983-B7DF-D744C6383BB2} = {2F6C8621-6612-4CE1-A336-7AF358253C53}
		{AAF42EFE-682C-4A57-A394-94A1E8C3305C} = {2F6C8621-6612-4CE1-A336-7AF358253C53}
		{D33982E3-8FF1-44A3-971E-4E8994CDB71A} = {2F6C8621-6612-4CE1-A336-7AF358253C53}
		{29B7BF08-C989-45CF-AF7D-2310F7BD8EEF} = {2F6C8621-6612-4CE1-A336-7AF358253C53}
		{5492F8A8-13FC-4E46-AA87-87D8F02AC9BA} = {2F6C8621-6612-4CE1-A336-7AF358253C53}
		{FB3DB86F-D748-4EDA-B1C7-DC0E4F1F3EE8} = {2F6C8621-6612-4CE1-A336-7AF358253C53}
		{0CECBC8C-73E1-4020-9498-09954DE048D8} = {FB3DB86F-D748-4EDA-B1C7-DC0E4F1F3EE8}
		{3D31898B-1FA5-4EE6-B96D-670B112A32A0} = {FB3DB86F-D748-4EDA-B1C7-DC0E4F1F3EE8}
		{F9314CF0-6B0E-4765-B329-EDCB1F52A35F} = {92296BD7-541A-4ADF-90E7-5982154451B2}
		{B205CF51-A560-4F8C-BA9E-D2169F5A4CD9} = {F9314CF0-6B0E-4765-B329-EDCB1F52A35F}
		{08EED74A-ED15-4B8D-ACD9-12E92EBD5CA6} = {B205CF51-A560-4F8C-BA9E-D2169F5A4CD9}
		{A394D786-C468-465F-9FFE-932878B0E1F6} = {F9314CF0-6B0E-4765-B329-EDCB1F52A35F}
		{3AE0CBEB-CD64-4EAD-88A6-2EEC9E63F738} = {A394D786-C468-465F-9FFE-932878B0E1F6}
		{3B2CCB0C-B2FA-447C-A73D-DDF5B6DC711F} = {159E1AA3-B02E-4B4A-915D-3F2DA5C72D27}
	EndGlobalSection
EndGlobal
