Microsoft Visual Studio Solution File, Format Version 9.00
# Visual Studio 2005
Project("{2150E333-8FDC-42A3-9474-1A3956D46DE8}") = "ProgrammersGuide", "ProgrammersGuide", "{92296BD7-541A-4ADF-90E7-5982154451B2}"
EndProject
Project("{2150E333-8FDC-42A3-9474-1A3956D46DE8}") = "ProgrammingEmail", "ProgrammingEmail", "{0BF96160-5DF3-40AD-9148-355E1D0387C5}"
EndProject
Project("{FAE04EC0-301F-11D3-BF4B-00C04F79EFBC}") = "CreateNewEmail", "ProgrammersGuide\ProgrammingEmail\CreateNewEmail\CSharp\CreateNewEmail.csproj", "{8234BC50-4EA2-4848-8B55-8B4E8D078364}"
EndProject
Project("{FAE04EC0-301F-11D3-BF4B-00C04F79EFBC}") = "SaveMessageAsDraft", "ProgrammersGuide\ProgrammingEmail\SaveMessageAsDraft\CSharp\SaveMessageAsDraft.csproj", "{16B01DD8-FB7E-48D9-884B-1F33376B02C2}"
EndProject
Project("{2150E333-8FDC-42A3-9474-1A3956D46DE8}") = "SendEmailMessagesWithSMTP", "SendEmailMessagesWithSMTP", "{C401F018-722B-4D5A-A4E1-6D3306367560}"
EndProject
Project("{FAE04EC0-301F-11D3-BF4B-00C04F79EFBC}") = "LoadSaveAppointmentInICSFormat", "ProgrammersGuide\ProgrammingEmail\SendEmailMessagesWithSMTP\LoadSaveAppointmentInICSFormat\CSharp\LoadSaveAppointmentInICSFormat.csproj", "{A1F55D12-74EB-4D9A-A456-4D952CD8228B}"
EndProject
Project("{FAE04EC0-301F-11D3-BF4B-00C04F79EFBC}") = "ManagingEmailAttachments", "ProgrammersGuide\ProgrammingEmail\SendEmailMessagesWithSMTP\ManagingEmailAttachments\CSharp\ManagingEmailAttachments.csproj", "{6BC9D6E5-19A3-4B63-A394-AD4563157D37}"
EndProject
Project("{FAE04EC0-301F-11D3-BF4B-00C04F79EFBC}") = "WorkingWithEmbeddedObjects", "ProgrammersGuide\ProgrammingEmail\SendEmailMessagesWithSMTP\WorkingWithEmbeddedObjects\CSharp\WorkingWithEmbeddedObjects.csproj", "{2048899E-965D-4BB2-9541-C1BEEDF68423}"
EndProject
Project("{FAE04EC0-301F-11D3-BF4B-00C04F79EFBC}") = "CustomizingEmailHeaders", "ProgrammersGuide\ProgrammingEmail\SendEmailMessagesWithSMTP\CustomizingEmailHeaders\CSharp\CustomizingEmailHeaders.csproj", "{499A1DDF-63E0-43CA-9137-79989B32C642}"
EndProject
Project("{FAE04EC0-301F-11D3-BF4B-00C04F79EFBC}") = "SendingEmails", "ProgrammersGuide\ProgrammingEmail\SendEmailMessagesWithSMTP\SendingEmails\CSharp\SendingEmails.csproj", "{09E3DA3B-634A-403F-8F26-A1C172F7B5A2}"
EndProject
Project("{FAE04EC0-301F-11D3-BF4B-00C04F79EFBC}") = "ConnectingToSSLEnabledSMTPServer", "ProgrammersGuide\ProgrammingEmail\SendEmailMessagesWithSMTP\ConnectingToSSLEnabledSMTPServer\CSharp\ConnectingToSSLEnabledSMTPServer.csproj", "{FC9DA44D-3074-4737-9752-B883640185FF}"
EndProject
Project("{FAE04EC0-301F-11D3-BF4B-00C04F79EFBC}") = "SpecifyingMultipleRecipients", "ProgrammersGuide\ProgrammingEmail\SendEmailMessagesWithSMTP\SpecifyingMultipleRecipients\CSharp\SpecifyingMultipleRecipients.csproj", "{871045BA-8BEA-4543-9081-BCDA5BD967F2}"
EndProject
Project("{FAE04EC0-301F-11D3-BF4B-00C04F79EFBC}") = "SendMeetingRequests", "ProgrammersGuide\ProgrammingEmail\SendEmailMessagesWithSMTP\SendMeetingRequests\CSharp\SendMeetingRequests.csproj", "{8F9F0EE0-194C-47C3-B82F-744CC8B5F98A}"
EndProject
Project("{FAE04EC0-301F-11D3-BF4B-00C04F79EFBC}") = "PerformingMailMerge", "ProgrammersGuide\ProgrammingEmail\SendEmailMessagesWithSMTP\PerformingMailMerge\CSharp\PerformingMailMerge.csproj", "{BEF750E8-2995-4E9F-BEF3-BBA261F489DD}"
EndProject
Project("{FAE04EC0-301F-11D3-BF4B-00C04F79EFBC}") = "LoadingEMLFilesfromDiskSendingitwithSMTP", "ProgrammersGuide\ProgrammingEmail\SendEmailMessagesWithSMTP\LoadingEMLFilesfromDiskSendingitwithSMTP\CSharp\LoadingEMLFilesfromDiskSendingitwithSMTP.csproj", "{7F2AA12E-4B17-4123-85A8-3BB526B070FA}"
EndProject
Project("{FAE04EC0-301F-11D3-BF4B-00C04F79EFBC}") = "LoadSmtpAuthenticationConfigFile", "ProgrammersGuide\ProgrammingEmail\SendEmailMessagesWithSMTP\LoadSmtpAuthenticationConfigFile\CSharp\LoadSmtpAuthenticationConfigFile.csproj", "{37C7F2E2-D8CF-4A15-8802-EEF79939808A}"
EndProject
Project("{2150E333-8FDC-42A3-9474-1A3956D46DE8}") = "SetMailBody", "SetMailBody", "{7C845F24-551B-43C7-BB08-FD4C0F8B5B09}"
EndProject
Project("{FAE04EC0-301F-11D3-BF4B-00C04F79EFBC}") = "SettingHTMLBody", "ProgrammersGuide\ProgrammingEmail\SendEmailMessagesWithSMTP\SetMailBody\SettingHTMLBody\CSharp\SettingHTMLBody.csproj", "{FF371D66-CED6-4180-B3CA-4E4AAC0AF775}"
EndProject
Project("{FAE04EC0-301F-11D3-BF4B-00C04F79EFBC}") = "SettingTextBody", "ProgrammersGuide\ProgrammingEmail\SendEmailMessagesWithSMTP\SetMailBody\SettingTextBody\CSharp\SettingTextBody.csproj", "{497BC9BE-2C52-4DFC-A062-EF93451694F9}"
EndProject
Project("{2150E333-8FDC-42A3-9474-1A3956D46DE8}") = "ImportingExportingEmails", "ImportingExportingEmails", "{DFA77D6C-477A-4027-A8B1-406473645FB3}"
EndProject
Project("{FAE04EC0-301F-11D3-BF4B-00C04F79EFBC}") = "ImportEMLFormatEmail", "ProgrammersGuide\ProgrammingEmail\SendEmailMessagesWithSMTP\ImportingExportingEmails\ImportEMLFormatEmail\CSharp\ImportEMLFormatEmail.csproj", "{9D0420E6-C762-4025-A70D-147998579961}"
EndProject
Project("{FAE04EC0-301F-11D3-BF4B-00C04F79EFBC}") = "ExportMessageAsEMLFile", "ProgrammersGuide\ProgrammingEmail\SendEmailMessagesWithSMTP\ImportingExportingEmails\ExportMessageAsEMLFile\CSharp\ExportMessageAsEMLFile.csproj", "{2DBA76E0-621B-4F0D-8399-0CD98C733E4C}"
EndProject
Project("{2150E333-8FDC-42A3-9474-1A3956D46DE8}") = "UtilityFeaturesofEmailRelatedProtocols", "UtilityFeaturesofEmailRelatedProtocols", "{F8E6811B-13AE-4D98-851D-6DAC8D461F58}"
EndProject
Project("{FAE04EC0-301F-11D3-BF4B-00C04F79EFBC}") = "SetDatePriorityAndSensitivityofEmail", "ProgrammersGuide\ProgrammingEmail\SendEmailMessagesWithSMTP\UtilityFeaturesofEmailRelatedProtocols\SetDatePriorityAndSensitivityofEmail\CSharp\SetDatePriorityAndSensitivityofEmail.csproj", "{0CA07E61-2B04-42C9-B07C-403F23AA099F}"
EndProject
Project("{FAE04EC0-301F-11D3-BF4B-00C04F79EFBC}") = "DeliveryNotifications", "ProgrammersGuide\ProgrammingEmail\SendEmailMessagesWithSMTP\UtilityFeaturesofEmailRelatedProtocols\DeliveryNotifications\CSharp\DeliveryNotifications.csproj", "{665CDFE7-824C-4CDA-9E2F-6643661EEC34}"
EndProject
Project("{FAE04EC0-301F-11D3-BF4B-00C04F79EFBC}") = "CustomizingEmailHeader", "ProgrammersGuide\ProgrammingEmail\SendEmailMessagesWithSMTP\UtilityFeaturesofEmailRelatedProtocols\CustomizingEmailHeader\CSharp\CustomizingEmailHeader.csproj", "{0FD462DF-859D-403A-A62B-3CB97F2D54A6}"
EndProject
Project("{2150E333-8FDC-42A3-9474-1A3956D46DE8}") = "AsposeEmailHowTos", "AsposeEmailHowTos", "{C4021EFB-78BC-47BC-95D3-F936C7CDD528}"
EndProject
Project("{FAE04EC0-301F-11D3-BF4B-00C04F79EFBC}") = "CreateDraftAppointmentRequest", "ProgrammersGuide\ProgrammingEmail\AsposeEmailHowTos\CreateDraftAppointmentRequest\CSharp\CreateDraftAppointmentRequest.csproj", "{7CB30327-164E-4197-A09A-73DDF5CFE05B}"
EndProject
Project("{2150E333-8FDC-42A3-9474-1A3956D46DE8}") = "ManageEmailMessageFilesWithMailMessage", "ManageEmailMessageFilesWithMailMessage", "{C569CA38-4CD5-46F6-BFEA-0E1DC7879C7F}"
EndProject
Project("{FAE04EC0-301F-11D3-BF4B-00C04F79EFBC}") = "ExtractingEmailHeaders", "ProgrammersGuide\ProgrammingEmail\ManageEmailMessageFilesWithMailMessage\ExtractingEmailHeaders\CSharp\ExtractingEmailHeaders.csproj", "{62EC2793-504C-4945-85DA-9D9FC2E8B235}"
EndProject
Project("{FAE04EC0-301F-11D3-BF4B-00C04F79EFBC}") = "DisplayEmailInformationOnScreen", "ProgrammersGuide\ProgrammingEmail\ManageEmailMessageFilesWithMailMessage\DisplayEmailInformationOnScreen\CSharp\DisplayEmailInformationOnScreen.csproj", "{CC1C16FB-D565-4A95-9341-4B2A65F3BD95}"
EndProject
Project("{2150E333-8FDC-42A3-9474-1A3956D46DE8}") = "ProgrammingOutlook", "ProgrammingOutlook", "{F9314CF0-6B0E-4765-B329-EDCB1F52A35F}"
EndProject
Project("{2150E333-8FDC-42A3-9474-1A3956D46DE8}") = "ManageMessageFiles", "ManageMessageFiles", "{B205CF51-A560-4F8C-BA9E-D2169F5A4CD9}"
EndProject
Project("{FAE04EC0-301F-11D3-BF4B-00C04F79EFBC}") = "NewPSTAddSubfolders", "ProgrammersGuide\ProgrammingOutlook\ManageMessageFiles\NewPSTAddSubfolders\CSharp\NewPSTAddSubfolders.csproj", "{08EED74A-ED15-4B8D-ACD9-12E92EBD5CA6}"
EndProject
Project("{2150E333-8FDC-42A3-9474-1A3956D46DE8}") = "WorkWithOutlookMSGFiles", "WorkWithOutlookMSGFiles", "{A394D786-C468-465F-9FFE-932878B0E1F6}"
EndProject
Project("{FAE04EC0-301F-11D3-BF4B-00C04F79EFBC}") = "CreateSaveOutlookFiles", "ProgrammersGuide\ProgrammingOutlook\WorkWithOutlookMSGFiles\CreateSaveOutlookFiles\CSharp\CreateSaveOutlookFiles.csproj", "{3AE0CBEB-CD64-4EAD-88A6-2EEC9E63F738}"
EndProject
Project("{2150E333-8FDC-42A3-9474-1A3956D46DE8}") = "KnowledgeBase", "KnowledgeBase", "{159E1AA3-B02E-4B4A-915D-3F2DA5C72D27}"
EndProject
Project("{FAE04EC0-301F-11D3-BF4B-00C04F79EFBC}") = "PrintingFeatures", "KnowledgeBase\PrintingFeatures\CSharp\PrintingFeatures.csproj", "{3B2CCB0C-B2FA-447C-A73D-DDF5B6DC711F}"
EndProject
Global
	GlobalSection(SolutionConfigurationPlatforms) = preSolution
		Debug|Any CPU = Debug|Any CPU
		Release|Any CPU = Release|Any CPU
	EndGlobalSection
	GlobalSection(ProjectConfigurationPlatforms) = postSolution
		{8234BC50-4EA2-4848-8B55-8B4E8D078364}.Debug|Any CPU.ActiveCfg = Debug|Any CPU
		{8234BC50-4EA2-4848-8B55-8B4E8D078364}.Debug|Any CPU.Build.0 = Debug|Any CPU
		{8234BC50-4EA2-4848-8B55-8B4E8D078364}.Release|Any CPU.ActiveCfg = Release|Any CPU
		{16B01DD8-FB7E-48D9-884B-1F33376B02C2}.Debug|Any CPU.ActiveCfg = Debug|Any CPU
		{16B01DD8-FB7E-48D9-884B-1F33376B02C2}.Debug|Any CPU.Build.0 = Debug|Any CPU
		{16B01DD8-FB7E-48D9-884B-1F33376B02C2}.Release|Any CPU.ActiveCfg = Release|Any CPU
		{A1F55D12-74EB-4D9A-A456-4D952CD8228B}.Debug|Any CPU.ActiveCfg = Debug|Any CPU
		{A1F55D12-74EB-4D9A-A456-4D952CD8228B}.Debug|Any CPU.Build.0 = Debug|Any CPU
		{A1F55D12-74EB-4D9A-A456-4D952CD8228B}.Release|Any CPU.ActiveCfg = Release|Any CPU
		{6BC9D6E5-19A3-4B63-A394-AD4563157D37}.Debug|Any CPU.ActiveCfg = Debug|Any CPU
		{6BC9D6E5-19A3-4B63-A394-AD4563157D37}.Debug|Any CPU.Build.0 = Debug|Any CPU
		{6BC9D6E5-19A3-4B63-A394-AD4563157D37}.Release|Any CPU.ActiveCfg = Release|Any CPU
		{2048899E-965D-4BB2-9541-C1BEEDF68423}.Debug|Any CPU.ActiveCfg = Debug|Any CPU
		{2048899E-965D-4BB2-9541-C1BEEDF68423}.Debug|Any CPU.Build.0 = Debug|Any CPU
		{2048899E-965D-4BB2-9541-C1BEEDF68423}.Release|Any CPU.ActiveCfg = Release|Any CPU
		{499A1DDF-63E0-43CA-9137-79989B32C642}.Debug|Any CPU.ActiveCfg = Debug|Any CPU
		{499A1DDF-63E0-43CA-9137-79989B32C642}.Debug|Any CPU.Build.0 = Debug|Any CPU
		{499A1DDF-63E0-43CA-9137-79989B32C642}.Release|Any CPU.ActiveCfg = Release|Any CPU
		{09E3DA3B-634A-403F-8F26-A1C172F7B5A2}.Debug|Any CPU.ActiveCfg = Debug|Any CPU
		{09E3DA3B-634A-403F-8F26-A1C172F7B5A2}.Debug|Any CPU.Build.0 = Debug|Any CPU
		{09E3DA3B-634A-403F-8F26-A1C172F7B5A2}.Release|Any CPU.ActiveCfg = Release|Any CPU
		{FC9DA44D-3074-4737-9752-B883640185FF}.Debug|Any CPU.ActiveCfg = Debug|Any CPU
		{FC9DA44D-3074-4737-9752-B883640185FF}.Debug|Any CPU.Build.0 = Debug|Any CPU
		{FC9DA44D-3074-4737-9752-B883640185FF}.Release|Any CPU.ActiveCfg = Release|Any CPU
		{871045BA-8BEA-4543-9081-BCDA5BD967F2}.Debug|Any CPU.ActiveCfg = Debug|Any CPU
		{871045BA-8BEA-4543-9081-BCDA5BD967F2}.Debug|Any CPU.Build.0 = Debug|Any CPU
		{871045BA-8BEA-4543-9081-BCDA5BD967F2}.Release|Any CPU.ActiveCfg = Release|Any CPU
		{8F9F0EE0-194C-47C3-B82F-744CC8B5F98A}.Debug|Any CPU.ActiveCfg = Debug|Any CPU
		{8F9F0EE0-194C-47C3-B82F-744CC8B5F98A}.Debug|Any CPU.Build.0 = Debug|Any CPU
		{8F9F0EE0-194C-47C3-B82F-744CC8B5F98A}.Release|Any CPU.ActiveCfg = Release|Any CPU
		{BEF750E8-2995-4E9F-BEF3-BBA261F489DD}.Debug|Any CPU.ActiveCfg = Debug|Any CPU
		{BEF750E8-2995-4E9F-BEF3-BBA261F489DD}.Debug|Any CPU.Build.0 = Debug|Any CPU
		{BEF750E8-2995-4E9F-BEF3-BBA261F489DD}.Release|Any CPU.ActiveCfg = Release|Any CPU
		{7F2AA12E-4B17-4123-85A8-3BB526B070FA}.Debug|Any CPU.ActiveCfg = Debug|Any CPU
		{7F2AA12E-4B17-4123-85A8-3BB526B070FA}.Debug|Any CPU.Build.0 = Debug|Any CPU
		{7F2AA12E-4B17-4123-85A8-3BB526B070FA}.Release|Any CPU.ActiveCfg = Release|Any CPU
		{37C7F2E2-D8CF-4A15-8802-EEF79939808A}.Debug|Any CPU.ActiveCfg = Debug|Any CPU
		{37C7F2E2-D8CF-4A15-8802-EEF79939808A}.Debug|Any CPU.Build.0 = Debug|Any CPU
		{37C7F2E2-D8CF-4A15-8802-EEF79939808A}.Release|Any CPU.ActiveCfg = Release|Any CPU
		{FF371D66-CED6-4180-B3CA-4E4AAC0AF775}.Debug|Any CPU.ActiveCfg = Debug|Any CPU
		{FF371D66-CED6-4180-B3CA-4E4AAC0AF775}.Debug|Any CPU.Build.0 = Debug|Any CPU
		{FF371D66-CED6-4180-B3CA-4E4AAC0AF775}.Release|Any CPU.ActiveCfg = Release|Any CPU
		{497BC9BE-2C52-4DFC-A062-EF93451694F9}.Debug|Any CPU.ActiveCfg = Debug|Any CPU
		{497BC9BE-2C52-4DFC-A062-EF93451694F9}.Debug|Any CPU.Build.0 = Debug|Any CPU
		{497BC9BE-2C52-4DFC-A062-EF93451694F9}.Release|Any CPU.ActiveCfg = Release|Any CPU
		{9D0420E6-C762-4025-A70D-147998579961}.Debug|Any CPU.ActiveCfg = Debug|Any CPU
		{9D0420E6-C762-4025-A70D-147998579961}.Debug|Any CPU.Build.0 = Debug|Any CPU
		{9D0420E6-C762-4025-A70D-147998579961}.Release|Any CPU.ActiveCfg = Release|Any CPU
		{2DBA76E0-621B-4F0D-8399-0CD98C733E4C}.Debug|Any CPU.ActiveCfg = Debug|Any CPU
		{2DBA76E0-621B-4F0D-8399-0CD98C733E4C}.Debug|Any CPU.Build.0 = Debug|Any CPU
		{2DBA76E0-621B-4F0D-8399-0CD98C733E4C}.Release|Any CPU.ActiveCfg = Release|Any CPU
		{0CA07E61-2B04-42C9-B07C-403F23AA099F}.Debug|Any CPU.ActiveCfg = Debug|Any CPU
		{0CA07E61-2B04-42C9-B07C-403F23AA099F}.Debug|Any CPU.Build.0 = Debug|Any CPU
		{0CA07E61-2B04-42C9-B07C-403F23AA099F}.Release|Any CPU.ActiveCfg = Release|Any CPU
		{665CDFE7-824C-4CDA-9E2F-6643661EEC34}.Debug|Any CPU.ActiveCfg = Debug|Any CPU
		{665CDFE7-824C-4CDA-9E2F-6643661EEC34}.Debug|Any CPU.Build.0 = Debug|Any CPU
		{665CDFE7-824C-4CDA-9E2F-6643661EEC34}.Release|Any CPU.ActiveCfg = Release|Any CPU
		{0FD462DF-859D-403A-A62B-3CB97F2D54A6}.Debug|Any CPU.ActiveCfg = Debug|Any CPU
		{0FD462DF-859D-403A-A62B-3CB97F2D54A6}.Debug|Any CPU.Build.0 = Debug|Any CPU
		{0FD462DF-859D-403A-A62B-3CB97F2D54A6}.Release|Any CPU.ActiveCfg = Release|Any CPU
		{7CB30327-164E-4197-A09A-73DDF5CFE05B}.Debug|Any CPU.ActiveCfg = Debug|Any CPU
		{7CB30327-164E-4197-A09A-73DDF5CFE05B}.Debug|Any CPU.Build.0 = Debug|Any CPU
		{7CB30327-164E-4197-A09A-73DDF5CFE05B}.Release|Any CPU.ActiveCfg = Release|Any CPU
		{62EC2793-504C-4945-85DA-9D9FC2E8B235}.Debug|Any CPU.ActiveCfg = Debug|Any CPU
		{62EC2793-504C-4945-85DA-9D9FC2E8B235}.Debug|Any CPU.Build.0 = Debug|Any CPU
		{62EC2793-504C-4945-85DA-9D9FC2E8B235}.Release|Any CPU.ActiveCfg = Release|Any CPU
		{CC1C16FB-D565-4A95-9341-4B2A65F3BD95}.Debug|Any CPU.ActiveCfg = Debug|Any CPU
		{CC1C16FB-D565-4A95-9341-4B2A65F3BD95}.Debug|Any CPU.Build.0 = Debug|Any CPU
		{CC1C16FB-D565-4A95-9341-4B2A65F3BD95}.Release|Any CPU.ActiveCfg = Release|Any CPU
		{08EED74A-ED15-4B8D-ACD9-12E92EBD5CA6}.Debug|Any CPU.ActiveCfg = Debug|Any CPU
		{08EED74A-ED15-4B8D-ACD9-12E92EBD5CA6}.Debug|Any CPU.Build.0 = Debug|Any CPU
		{08EED74A-ED15-4B8D-ACD9-12E92EBD5CA6}.Release|Any CPU.ActiveCfg = Release|Any CPU
		{3AE0CBEB-CD64-4EAD-88A6-2EEC9E63F738}.Debug|Any CPU.ActiveCfg = Debug|Any CPU
		{3AE0CBEB-CD64-4EAD-88A6-2EEC9E63F738}.Debug|Any CPU.Build.0 = Debug|Any CPU
		{3AE0CBEB-CD64-4EAD-88A6-2EEC9E63F738}.Release|Any CPU.ActiveCfg = Release|Any CPU
		{3B2CCB0C-B2FA-447C-A73D-DDF5B6DC711F}.Debug|Any CPU.ActiveCfg = Debug|Any CPU
		{3B2CCB0C-B2FA-447C-A73D-DDF5B6DC711F}.Debug|Any CPU.Build.0 = Debug|Any CPU
		{3B2CCB0C-B2FA-447C-A73D-DDF5B6DC711F}.Release|Any CPU.ActiveCfg = Release|Any CPU
	EndGlobalSection
	GlobalSection(SolutionProperties) = preSolution
		HideSolutionNode = FALSE
	EndGlobalSection
	GlobalSection(NestedProjects) = preSolution
		{0BF96160-5DF3-40AD-9148-355E1D0387C5} = {92296BD7-541A-4ADF-90E7-5982154451B2}
		{8234BC50-4EA2-4848-8B55-8B4E8D078364} = {0BF96160-5DF3-40AD-9148-355E1D0387C5}
		{16B01DD8-FB7E-48D9-884B-1F33376B02C2} = {0BF96160-5DF3-40AD-9148-355E1D0387C5}
		{C401F018-722B-4D5A-A4E1-6D3306367560} = {0BF96160-5DF3-40AD-9148-355E1D0387C5}
		{A1F55D12-74EB-4D9A-A456-4D952CD8228B} = {C401F018-722B-4D5A-A4E1-6D3306367560}
		{6BC9D6E5-19A3-4B63-A394-AD4563157D37} = {C401F018-722B-4D5A-A4E1-6D3306367560}
		{2048899E-965D-4BB2-9541-C1BEEDF68423} = {C401F018-722B-4D5A-A4E1-6D3306367560}
		{499A1DDF-63E0-43CA-9137-79989B32C642} = {C401F018-722B-4D5A-A4E1-6D3306367560}
		{09E3DA3B-634A-403F-8F26-A1C172F7B5A2} = {C401F018-722B-4D5A-A4E1-6D3306367560}
		{FC9DA44D-3074-4737-9752-B883640185FF} = {C401F018-722B-4D5A-A4E1-6D3306367560}
		{871045BA-8BEA-4543-9081-BCDA5BD967F2} = {C401F018-722B-4D5A-A4E1-6D3306367560}
		{8F9F0EE0-194C-47C3-B82F-744CC8B5F98A} = {C401F018-722B-4D5A-A4E1-6D3306367560}
		{BEF750E8-2995-4E9F-BEF3-BBA261F489DD} = {C401F018-722B-4D5A-A4E1-6D3306367560}
		{7F2AA12E-4B17-4123-85A8-3BB526B070FA} = {C401F018-722B-4D5A-A4E1-6D3306367560}
		{37C7F2E2-D8CF-4A15-8802-EEF79939808A} = {C401F018-722B-4D5A-A4E1-6D3306367560}
		{7C845F24-551B-43C7-BB08-FD4C0F8B5B09} = {C401F018-722B-4D5A-A4E1-6D3306367560}
		{FF371D66-CED6-4180-B3CA-4E4AAC0AF775} = {7C845F24-551B-43C7-BB08-FD4C0F8B5B09}
		{497BC9BE-2C52-4DFC-A062-EF93451694F9} = {7C845F24-551B-43C7-BB08-FD4C0F8B5B09}
		{DFA77D6C-477A-4027-A8B1-406473645FB3} = {C401F018-722B-4D5A-A4E1-6D3306367560}
		{9D0420E6-C762-4025-A70D-147998579961} = {DFA77D6C-477A-4027-A8B1-406473645FB3}
		{2DBA76E0-621B-4F0D-8399-0CD98C733E4C} = {DFA77D6C-477A-4027-A8B1-406473645FB3}
		{F8E6811B-13AE-4D98-851D-6DAC8D461F58} = {C401F018-722B-4D5A-A4E1-6D3306367560}
		{0CA07E61-2B04-42C9-B07C-403F23AA099F} = {F8E6811B-13AE-4D98-851D-6DAC8D461F58}
		{665CDFE7-824C-4CDA-9E2F-6643661EEC34} = {F8E6811B-13AE-4D98-851D-6DAC8D461F58}
		{0FD462DF-859D-403A-A62B-3CB97F2D54A6} = {F8E6811B-13AE-4D98-851D-6DAC8D461F58}
		{C4021EFB-78BC-47BC-95D3-F936C7CDD528} = {0BF96160-5DF3-40AD-9148-355E1D0387C5}
		{7CB30327-164E-4197-A09A-73DDF5CFE05B} = {C4021EFB-78BC-47BC-95D3-F936C7CDD528}
		{C569CA38-4CD5-46F6-BFEA-0E1DC7879C7F} = {0BF96160-5DF3-40AD-9148-355E1D0387C5}
		{62EC2793-504C-4945-85DA-9D9FC2E8B235} = {C569CA38-4CD5-46F6-BFEA-0E1DC7879C7F}
		{CC1C16FB-D565-4A95-9341-4B2A65F3BD95} = {C569CA38-4CD5-46F6-BFEA-0E1DC7879C7F}
		{F9314CF0-6B0E-4765-B329-EDCB1F52A35F} = {92296BD7-541A-4ADF-90E7-5982154451B2}
		{B205CF51-A560-4F8C-BA9E-D2169F5A4CD9} = {F9314CF0-6B0E-4765-B329-EDCB1F52A35F}
		{08EED74A-ED15-4B8D-ACD9-12E92EBD5CA6} = {B205CF51-A560-4F8C-BA9E-D2169F5A4CD9}
		{A394D786-C468-465F-9FFE-932878B0E1F6} = {F9314CF0-6B0E-4765-B329-EDCB1F52A35F}
		{3AE0CBEB-CD64-4EAD-88A6-2EEC9E63F738} = {A394D786-C468-465F-9FFE-932878B0E1F6}
		{3B2CCB0C-B2FA-447C-A73D-DDF5B6DC711F} = {159E1AA3-B02E-4B4A-915D-3F2DA5C72D27}
	EndGlobalSection
EndGlobal
