Microsoft Visual Studio Solution File, Format Version 9.00
# Visual Studio 2005
Project("{2150E333-8FDC-42A3-9474-1A3956D46DE8}") = "ProgrammersGuide", "ProgrammersGuide", "{92296BD7-541A-4ADF-90E7-5982154451B2}"
EndProject
Project("{2150E333-8FDC-42A3-9474-1A3956D46DE8}") = "ProgrammingEmail", "ProgrammingEmail", "{0BF96160-5DF3-40AD-9148-355E1D0387C5}"
EndProject
Project("{2150E333-8FDC-42A3-9474-1A3956D46DE8}") = "SendEmailMessagesWithSMTP", "SendEmailMessagesWithSMTP", "{C401F018-722B-4D5A-A4E1-6D3306367560}"
EndProject
Project("{FAE04EC0-301F-11D3-BF4B-00C04F79EFBC}") = "LoadSaveAppointmentInICSFormat", "ProgrammersGuide\ProgrammingEmail\SendEmailMessagesWithSMTP\LoadSaveAppointmentInICSFormat\VisualBasic\LoadSaveAppointmentInICSFormat.vbproj", "{A1F55D12-74EB-4D9A-A456-4D952CD8228B}"
EndProject
Project("{2150E333-8FDC-42A3-9474-1A3956D46DE8}") = "ProgrammingOutlook", "ProgrammingOutlook", "{F9314CF0-6B0E-4765-B329-EDCB1F52A35F}"
EndProject
Project("{2150E333-8FDC-42A3-9474-1A3956D46DE8}") = "ManageMessageFiles", "ManageMessageFiles", "{B205CF51-A560-4F8C-BA9E-D2169F5A4CD9}"
EndProject
Project("{FAE04EC0-301F-11D3-BF4B-00C04F79EFBC}") = "NewPSTAddSubfolders", "ProgrammersGuide\ProgrammingOutlook\ManageMessageFiles\NewPSTAddSubfolders\VisualBasic\NewPSTAddSubfolders.vbproj", "{08EED74A-ED15-4B8D-ACD9-12E92EBD5CA6}"
EndProject
Project("{2150E333-8FDC-42A3-9474-1A3956D46DE8}") = "KnowledgeBase", "KnowledgeBase", "{159E1AA3-B02E-4B4A-915D-3F2DA5C72D27}"
EndProject
Global
	GlobalSection(SolutionConfigurationPlatforms) = preSolution
		Debug|Any CPU = Debug|Any CPU
		Release|Any CPU = Release|Any CPU
	EndGlobalSection
	GlobalSection(ProjectConfigurationPlatforms) = postSolution
		{A1F55D12-74EB-4D9A-A456-4D952CD8228B}.Debug|Any CPU.ActiveCfg = Debug|Any CPU
		{A1F55D12-74EB-4D9A-A456-4D952CD8228B}.Debug|Any CPU.Build.0 = Debug|Any CPU
		{A1F55D12-74EB-4D9A-A456-4D952CD8228B}.Release|Any CPU.ActiveCfg = Release|Any CPU
		{08EED74A-ED15-4B8D-ACD9-12E92EBD5CA6}.Debug|Any CPU.ActiveCfg = Debug|Any CPU
		{08EED74A-ED15-4B8D-ACD9-12E92EBD5CA6}.Debug|Any CPU.Build.0 = Debug|Any CPU
		{08EED74A-ED15-4B8D-ACD9-12E92EBD5CA6}.Release|Any CPU.ActiveCfg = Release|Any CPU
		{3B2CCB0C-B2FA-447C-A73D-DDF5B6DC711F}.Debug|Any CPU.ActiveCfg = Debug|Any CPU
		{3B2CCB0C-B2FA-447C-A73D-DDF5B6DC711F}.Debug|Any CPU.Build.0 = Debug|Any CPU
		{3B2CCB0C-B2FA-447C-A73D-DDF5B6DC711F}.Release|Any CPU.ActiveCfg = Release|Any CPU
	EndGlobalSection
	GlobalSection(SolutionProperties) = preSolution
		HideSolutionNode = FALSE
	EndGlobalSection
	GlobalSection(NestedProjects) = preSolution
		{0BF96160-5DF3-40AD-9148-355E1D0387C5} = {92296BD7-541A-4ADF-90E7-5982154451B2}
		{C401F018-722B-4D5A-A4E1-6D3306367560} = {0BF96160-5DF3-40AD-9148-355E1D0387C5}
		{A1F55D12-74EB-4D9A-A456-4D952CD8228B} = {C401F018-722B-4D5A-A4E1-6D3306367560}
		{F9314CF0-6B0E-4765-B329-EDCB1F52A35F} = {92296BD7-541A-4ADF-90E7-5982154451B2}
		{B205CF51-A560-4F8C-BA9E-D2169F5A4CD9} = {F9314CF0-6B0E-4765-B329-EDCB1F52A35F}
		{08EED74A-ED15-4B8D-ACD9-12E92EBD5CA6} = {B205CF51-A560-4F8C-BA9E-D2169F5A4CD9}
		{3B2CCB0C-B2FA-447C-A73D-DDF5B6DC711F} = {159E1AA3-B02E-4B4A-915D-3F2DA5C72D27}
	EndGlobalSection
EndGlobal
