
Microsoft Visual Studio Solution File, Format Version 12.00
# Visual Studio 14
VisualStudioVersion = 14.0.24720.0
MinimumVisualStudioVersion = 10.0.40219.1
Project("{2150E333-8FDC-42A3-9474-1A3956D46DE8}") = "Get the number of emails in the mailbox", "Get the number of emails in the mailbox", "{1C71931D-7E4B-4B7B-838C-D6E6B594B3B2}"
EndProject
Project("{FAE04EC0-301F-11D3-BF4B-00C04F79EFBC}") = "Aspose.Email", "Get the number of emails in the mailbox\Aspose.Email\Aspose.Email.csproj", "{1D8959FB-2B47-4780-90A9-344B895D3823}"
EndProject
Project("{2150E333-8FDC-42A3-9474-1A3956D46DE8}") = "Delete Messages", "Delete Messages", "{D45F4BE5-ECB7-4885-A9F9-8F56EC43EEFA}"
EndProject
Project("{FAE04EC0-301F-11D3-BF4B-00C04F79EFBC}") = "VSTO Outlook", "Get the number of emails in the mailbox\VSTO Outlook\VSTO Outlook.csproj", "{1A90A6A1-199E-4E4F-A016-6F2077F0F749}"
EndProject
Project("{FAE04EC0-301F-11D3-BF4B-00C04F79EFBC}") = "Aspose.Email", "Delete Messages\Aspose.Email\Aspose.Email.csproj", "{D519C9AA-4DE4-4CEC-A128-03302FD0EE5E}"
EndProject
Project("{FAE04EC0-301F-11D3-BF4B-00C04F79EFBC}") = "VSTO Outlook", "Delete Messages\VSTO Outlook\VSTO Outlook.csproj", "{60F5C061-64F9-4B55-951F-16391981B477}"
EndProject
Project("{2150E333-8FDC-42A3-9474-1A3956D46DE8}") = "Import Email", "Import Email", "{A6FF7854-AB04-4614-8ABB-2870F8585CE6}"
EndProject
Project("{FAE04EC0-301F-11D3-BF4B-00C04F79EFBC}") = "Aspose.Email", "Import Email\Aspose.Email\Aspose.Email.csproj", "{44E403C3-4A41-4EF0-A035-9E870642426E}"
EndProject
Project("{FAE04EC0-301F-11D3-BF4B-00C04F79EFBC}") = "VSTO Outlook Import Email", "Import Email\VSTO Outlook Import Email\VSTO Outlook Import Email.csproj", "{AAD05E39-E02E-4631-9861-7AED6F698009}"
EndProject
Project("{2150E333-8FDC-42A3-9474-1A3956D46DE8}") = "Export Email", "Export Email", "{5F595FFA-524E-43D1-BF72-929139A61344}"
EndProject
Project("{FAE04EC0-301F-11D3-BF4B-00C04F79EFBC}") = "Aspose.Email", "Export Email\Aspose.Email\Aspose.Email.csproj", "{D4F987B6-9DB9-4375-B52D-6BC3FF7FF4C6}"
EndProject
Project("{FAE04EC0-301F-11D3-BF4B-00C04F79EFBC}") = "VSTO Outlook Export Email", "Export Email\VSTO Outlook Export Email\VSTO Outlook Export Email.csproj", "{79C73DFF-68A8-404F-AB01-21DF64F2D5D6}"
EndProject
Project("{2150E333-8FDC-42A3-9474-1A3956D46DE8}") = "Extracting Attachment", "Extracting Attachment", "{C9D5BFF0-12B1-4383-80B5-DA8957FFA622}"
EndProject
Project("{FAE04EC0-301F-11D3-BF4B-00C04F79EFBC}") = "Aspose.Email", "Extracting Attachment\Aspose.Email\Aspose.Email.csproj", "{E54FB540-FB21-4367-920F-121FF2D16DBB}"
EndProject
Project("{FAE04EC0-301F-11D3-BF4B-00C04F79EFBC}") = "VSTO Extract Attachment", "Extracting Attachment\VSTO Extract Attachment\VSTO Extract Attachment.csproj", "{8CF03AC9-060A-40F0-884F-2998798D1E90}"
EndProject
Project("{2150E333-8FDC-42A3-9474-1A3956D46DE8}") = "Specify Mail Body Encoding", "Specify Mail Body Encoding", "{2DC9B14E-D696-4197-90F3-1296D1C16CD0}"
EndProject
Project("{FAE04EC0-301F-11D3-BF4B-00C04F79EFBC}") = "VSTO Outlook Encoding", "Specify Mail Body Encoding\VSTO Outlook Encoding\VSTO Outlook Encoding.csproj", "{B603A9C6-1C35-43D1-920E-E114A0D2FF45}"
EndProject
Project("{FAE04EC0-301F-11D3-BF4B-00C04F79EFBC}") = "Aspose.Email", "Specify Mail Body Encoding\Aspose.Email\Aspose.Email.csproj", "{6C14E85C-01D1-474B-A244-18AEAC3CF94C}"
EndProject
Project("{2150E333-8FDC-42A3-9474-1A3956D46DE8}") = "Create Multiple Email Addresses", "Create Multiple Email Addresses", "{D982F0DD-CCC3-4434-A086-8AABA15004D4}"
EndProject
Project("{FAE04EC0-301F-11D3-BF4B-00C04F79EFBC}") = "Aspose.Email", "Create Multiple Email Addresses\Aspose.Email\Aspose.Email.csproj", "{582C2A67-6520-444D-AF28-27D70BCB8A46}"
EndProject
Project("{FAE04EC0-301F-11D3-BF4B-00C04F79EFBC}") = "VSTO Multiple Emails", "Create Multiple Email Addresses\VSTO Multiple Emails\VSTO Multiple Emails.csproj", "{68FAE956-9815-4CED-9F91-A42955365D1C}"
EndProject
Global
	GlobalSection(SolutionConfigurationPlatforms) = preSolution
		Debug|Any CPU = Debug|Any CPU
		Release|Any CPU = Release|Any CPU
	EndGlobalSection
	GlobalSection(ProjectConfigurationPlatforms) = postSolution
		{1D8959FB-2B47-4780-90A9-344B895D3823}.Debug|Any CPU.ActiveCfg = Debug|Any CPU
		{1D8959FB-2B47-4780-90A9-344B895D3823}.Debug|Any CPU.Build.0 = Debug|Any CPU
		{1D8959FB-2B47-4780-90A9-344B895D3823}.Release|Any CPU.ActiveCfg = Release|Any CPU
		{1D8959FB-2B47-4780-90A9-344B895D3823}.Release|Any CPU.Build.0 = Release|Any CPU
		{1A90A6A1-199E-4E4F-A016-6F2077F0F749}.Debug|Any CPU.ActiveCfg = Debug|Any CPU
		{1A90A6A1-199E-4E4F-A016-6F2077F0F749}.Debug|Any CPU.Build.0 = Debug|Any CPU
		{1A90A6A1-199E-4E4F-A016-6F2077F0F749}.Release|Any CPU.ActiveCfg = Release|Any CPU
		{1A90A6A1-199E-4E4F-A016-6F2077F0F749}.Release|Any CPU.Build.0 = Release|Any CPU
		{D519C9AA-4DE4-4CEC-A128-03302FD0EE5E}.Debug|Any CPU.ActiveCfg = Debug|Any CPU
		{D519C9AA-4DE4-4CEC-A128-03302FD0EE5E}.Debug|Any CPU.Build.0 = Debug|Any CPU
		{D519C9AA-4DE4-4CEC-A128-03302FD0EE5E}.Release|Any CPU.ActiveCfg = Release|Any CPU
		{D519C9AA-4DE4-4CEC-A128-03302FD0EE5E}.Release|Any CPU.Build.0 = Release|Any CPU
		{60F5C061-64F9-4B55-951F-16391981B477}.Debug|Any CPU.ActiveCfg = Debug|Any CPU
		{60F5C061-64F9-4B55-951F-16391981B477}.Debug|Any CPU.Build.0 = Debug|Any CPU
		{60F5C061-64F9-4B55-951F-16391981B477}.Release|Any CPU.ActiveCfg = Release|Any CPU
		{60F5C061-64F9-4B55-951F-16391981B477}.Release|Any CPU.Build.0 = Release|Any CPU
		{44E403C3-4A41-4EF0-A035-9E870642426E}.Debug|Any CPU.ActiveCfg = Debug|Any CPU
		{44E403C3-4A41-4EF0-A035-9E870642426E}.Debug|Any CPU.Build.0 = Debug|Any CPU
		{44E403C3-4A41-4EF0-A035-9E870642426E}.Release|Any CPU.ActiveCfg = Release|Any CPU
		{44E403C3-4A41-4EF0-A035-9E870642426E}.Release|Any CPU.Build.0 = Release|Any CPU
		{AAD05E39-E02E-4631-9861-7AED6F698009}.Debug|Any CPU.ActiveCfg = Debug|Any CPU
		{AAD05E39-E02E-4631-9861-7AED6F698009}.Debug|Any CPU.Build.0 = Debug|Any CPU
		{AAD05E39-E02E-4631-9861-7AED6F698009}.Release|Any CPU.ActiveCfg = Release|Any CPU
		{AAD05E39-E02E-4631-9861-7AED6F698009}.Release|Any CPU.Build.0 = Release|Any CPU
		{D4F987B6-9DB9-4375-B52D-6BC3FF7FF4C6}.Debug|Any CPU.ActiveCfg = Debug|Any CPU
		{D4F987B6-9DB9-4375-B52D-6BC3FF7FF4C6}.Debug|Any CPU.Build.0 = Debug|Any CPU
		{D4F987B6-9DB9-4375-B52D-6BC3FF7FF4C6}.Release|Any CPU.ActiveCfg = Release|Any CPU
		{D4F987B6-9DB9-4375-B52D-6BC3FF7FF4C6}.Release|Any CPU.Build.0 = Release|Any CPU
		{79C73DFF-68A8-404F-AB01-21DF64F2D5D6}.Debug|Any CPU.ActiveCfg = Debug|Any CPU
		{79C73DFF-68A8-404F-AB01-21DF64F2D5D6}.Debug|Any CPU.Build.0 = Debug|Any CPU
		{79C73DFF-68A8-404F-AB01-21DF64F2D5D6}.Release|Any CPU.ActiveCfg = Release|Any CPU
		{79C73DFF-68A8-404F-AB01-21DF64F2D5D6}.Release|Any CPU.Build.0 = Release|Any CPU
		{E54FB540-FB21-4367-920F-121FF2D16DBB}.Debug|Any CPU.ActiveCfg = Debug|Any CPU
		{E54FB540-FB21-4367-920F-121FF2D16DBB}.Debug|Any CPU.Build.0 = Debug|Any CPU
		{E54FB540-FB21-4367-920F-121FF2D16DBB}.Release|Any CPU.ActiveCfg = Release|Any CPU
		{E54FB540-FB21-4367-920F-121FF2D16DBB}.Release|Any CPU.Build.0 = Release|Any CPU
		{8CF03AC9-060A-40F0-884F-2998798D1E90}.Debug|Any CPU.ActiveCfg = Debug|Any CPU
		{8CF03AC9-060A-40F0-884F-2998798D1E90}.Debug|Any CPU.Build.0 = Debug|Any CPU
		{8CF03AC9-060A-40F0-884F-2998798D1E90}.Release|Any CPU.ActiveCfg = Release|Any CPU
		{8CF03AC9-060A-40F0-884F-2998798D1E90}.Release|Any CPU.Build.0 = Release|Any CPU
		{B603A9C6-1C35-43D1-920E-E114A0D2FF45}.Debug|Any CPU.ActiveCfg = Debug|Any CPU
		{B603A9C6-1C35-43D1-920E-E114A0D2FF45}.Debug|Any CPU.Build.0 = Debug|Any CPU
		{B603A9C6-1C35-43D1-920E-E114A0D2FF45}.Release|Any CPU.ActiveCfg = Release|Any CPU
		{B603A9C6-1C35-43D1-920E-E114A0D2FF45}.Release|Any CPU.Build.0 = Release|Any CPU
		{6C14E85C-01D1-474B-A244-18AEAC3CF94C}.Debug|Any CPU.ActiveCfg = Debug|Any CPU
		{6C14E85C-01D1-474B-A244-18AEAC3CF94C}.Debug|Any CPU.Build.0 = Debug|Any CPU
		{6C14E85C-01D1-474B-A244-18AEAC3CF94C}.Release|Any CPU.ActiveCfg = Release|Any CPU
		{6C14E85C-01D1-474B-A244-18AEAC3CF94C}.Release|Any CPU.Build.0 = Release|Any CPU
		{582C2A67-6520-444D-AF28-27D70BCB8A46}.Debug|Any CPU.ActiveCfg = Debug|Any CPU
		{582C2A67-6520-444D-AF28-27D70BCB8A46}.Debug|Any CPU.Build.0 = Debug|Any CPU
		{582C2A67-6520-444D-AF28-27D70BCB8A46}.Release|Any CPU.ActiveCfg = Release|Any CPU
		{582C2A67-6520-444D-AF28-27D70BCB8A46}.Release|Any CPU.Build.0 = Release|Any CPU
		{68FAE956-9815-4CED-9F91-A42955365D1C}.Debug|Any CPU.ActiveCfg = Debug|Any CPU
		{68FAE956-9815-4CED-9F91-A42955365D1C}.Debug|Any CPU.Build.0 = Debug|Any CPU
		{68FAE956-9815-4CED-9F91-A42955365D1C}.Release|Any CPU.ActiveCfg = Release|Any CPU
		{68FAE956-9815-4CED-9F91-A42955365D1C}.Release|Any CPU.Build.0 = Release|Any CPU
	EndGlobalSection
	GlobalSection(SolutionProperties) = preSolution
		HideSolutionNode = FALSE
	EndGlobalSection
	GlobalSection(NestedProjects) = preSolution
		{1D8959FB-2B47-4780-90A9-344B895D3823} = {1C71931D-7E4B-4B7B-838C-D6E6B594B3B2}
		{1A90A6A1-199E-4E4F-A016-6F2077F0F749} = {1C71931D-7E4B-4B7B-838C-D6E6B594B3B2}
		{D519C9AA-4DE4-4CEC-A128-03302FD0EE5E} = {D45F4BE5-ECB7-4885-A9F9-8F56EC43EEFA}
		{60F5C061-64F9-4B55-951F-16391981B477} = {D45F4BE5-ECB7-4885-A9F9-8F56EC43EEFA}
		{44E403C3-4A41-4EF0-A035-9E870642426E} = {A6FF7854-AB04-4614-8ABB-2870F8585CE6}
		{AAD05E39-E02E-4631-9861-7AED6F698009} = {A6FF7854-AB04-4614-8ABB-2870F8585CE6}
		{D4F987B6-9DB9-4375-B52D-6BC3FF7FF4C6} = {5F595FFA-524E-43D1-BF72-929139A61344}
		{79C73DFF-68A8-404F-AB01-21DF64F2D5D6} = {5F595FFA-524E-43D1-BF72-929139A61344}
		{E54FB540-FB21-4367-920F-121FF2D16DBB} = {C9D5BFF0-12B1-4383-80B5-DA8957FFA622}
		{8CF03AC9-060A-40F0-884F-2998798D1E90} = {C9D5BFF0-12B1-4383-80B5-DA8957FFA622}
		{B603A9C6-1C35-43D1-920E-E114A0D2FF45} = {2DC9B14E-D696-4197-90F3-1296D1C16CD0}
		{6C14E85C-01D1-474B-A244-18AEAC3CF94C} = {2DC9B14E-D696-4197-90F3-1296D1C16CD0}
		{582C2A67-6520-444D-AF28-27D70BCB8A46} = {D982F0DD-CCC3-4434-A086-8AABA15004D4}
		{68FAE956-9815-4CED-9F91-A42955365D1C} = {D982F0DD-CCC3-4434-A086-8AABA15004D4}
	EndGlobalSection
EndGlobal
