
Microsoft Visual Studio Solution File, Format Version 12.00
# Visual Studio 2013
VisualStudioVersion = 12.0.21005.1
MinimumVisualStudioVersion = 10.0.40219.1
Project("{FAE04EC0-301F-11D3-BF4B-00C04F79EFBC}") = "VSTO Outlook", "VSTO Outlook\VSTO Outlook.csproj", "{C43E4758-5BFB-4E44-ACEC-352167AD776A}"
EndProject
Project("{FAE04EC0-301F-11D3-BF4B-00C04F79EFBC}") = "Aspose.Email", "Aspose.Email\Aspose.Email.csproj", "{40777ED5-BE04-4D75-82B2-3FBB4B5155E7}"
EndProject
Global
	GlobalSection(SolutionConfigurationPlatforms) = preSolution
		Debug|Any CPU = Debug|Any CPU
		Release|Any CPU = Release|Any CPU
	EndGlobalSection
	GlobalSection(ProjectConfigurationPlatforms) = postSolution
		{C43E4758-5BFB-4E44-ACEC-352167AD776A}.Debug|Any CPU.ActiveCfg = Debug|Any CPU
		{C43E4758-5BFB-4E44-ACEC-352167AD776A}.Debug|Any CPU.Build.0 = Debug|Any CPU
		{C43E4758-5BFB-4E44-ACEC-352167AD776A}.Release|Any CPU.ActiveCfg = Release|Any CPU
		{C43E4758-5BFB-4E44-ACEC-352167AD776A}.Release|Any CPU.Build.0 = Release|Any CPU
		{40777ED5-BE04-4D75-82B2-3FBB4B5155E7}.Debug|Any CPU.ActiveCfg = Debug|Any CPU
		{40777ED5-BE04-4D75-82B2-3FBB4B5155E7}.Debug|Any CPU.Build.0 = Debug|Any CPU
		{40777ED5-BE04-4D75-82B2-3FBB4B5155E7}.Release|Any CPU.ActiveCfg = Release|Any CPU
		{40777ED5-BE04-4D75-82B2-3FBB4B5155E7}.Release|Any CPU.Build.0 = Release|Any CPU
	EndGlobalSection
	GlobalSection(SolutionProperties) = preSolution
		HideSolutionNode = FALSE
	EndGlobalSection
EndGlobal
