
Microsoft Visual Studio Solution File, Format Version 11.00
# Visual Studio 2010
Project("{FAE04EC0-301F-11D3-BF4B-00C04F79EFBC}") = "ManagingEmailAttachments", "ManagingEmailAttachments.csproj", "{6BC9D6E5-19A3-4B63-A394-AD4563157D37}"
EndProject
Global
	GlobalSection(SolutionConfigurationPlatforms) = preSolution
		Debug|Any CPU = Debug|Any CPU
		Release|Any CPU = Release|Any CPU
	EndGlobalSection
	GlobalSection(ProjectConfigurationPlatforms) = postSolution
		{6BC9D6E5-19A3-4B63-A394-AD4563157D37}.Debug|Any CPU.ActiveCfg = Debug|Any CPU
		{6BC9D6E5-19A3-4B63-A394-AD4563157D37}.Debug|Any CPU.Build.0 = Debug|Any CPU
		{6BC9D6E5-19A3-4B63-A394-AD4563157D37}.Release|Any CPU.ActiveCfg = Release|Any CPU
		{6BC9D6E5-19A3-4B63-A394-AD4563157D37}.Release|Any CPU.Build.0 = Release|Any CPU
	EndGlobalSection
	GlobalSection(SolutionProperties) = preSolution
		HideSolutionNode = FALSE
	EndGlobalSection
EndGlobal
