Microsoft Visual Studio Solution File, Format Version 12.00
# Visual Studio 2012
Project("{2150E333-8FDC-42A3-9474-1A3956D46DE8}") = "ProgrammersGuide", "ProgrammersGuide", "{C8638323-2372-47F7-A6F7-B6B5F59CB62D}"
EndProject
Project("{2150E333-8FDC-42A3-9474-1A3956D46DE8}") = "ProgrammingEmail", "ProgrammingEmail", "{78A29AAF-B4E8-4EF2-A120-FC9719E17D04}"
EndProject
Project("{FAE04EC0-301F-11D3-BF4B-00C04F79EFBC}") = "CreateNewEmail", "ProgrammersGuide\ProgrammingEmail\CreateNewEmail\VisualBasic\CreateNewEmail.vbproj", "{8234BC50-4EA2-4848-8B55-8B4E8D078364}"
EndProject
Project("{FAE04EC0-301F-11D3-BF4B-00C04F79EFBC}") = "SaveMessageAsDraft", "ProgrammersGuide\ProgrammingEmail\SaveMessageAsDraft\VisualBasic\SaveMessageAsDraft.vbproj", "{16B01DD8-FB7E-48D9-884B-1F33376B02C2}"
EndProject
Project("{2150E333-8FDC-42A3-9474-1A3956D46DE8}") = "SendingWithSMTP", "SendingWithSMTP", "{4D7C2CF9-43CA-4C05-81AE-7BE2900C09C7}"
EndProject
Project("{FAE04EC0-301F-11D3-BF4B-00C04F79EFBC}") = "AppointmentInICSFormat", "ProgrammersGuide\ProgrammingEmail\SendingWithSMTP\AppointmentInICSFormat\VisualBasic\AppointmentInICSFormat.vbproj", "{A1F55D12-74EB-4D9A-A456-4D952CD8228B}"
EndProject
Project("{FAE04EC0-301F-11D3-BF4B-00C04F79EFBC}") = "ManagingEmailAttachments", "ProgrammersGuide\ProgrammingEmail\SendingWithSMTP\ManagingEmailAttachments\VisualBasic\ManagingEmailAttachments.vbproj", "{6BC9D6E5-19A3-4B63-A394-AD4563157D37}"
EndProject
Project("{FAE04EC0-301F-11D3-BF4B-00C04F79EFBC}") = "EmbeddedObjects", "ProgrammersGuide\ProgrammingEmail\SendingWithSMTP\EmbeddedObjects\VisualBasic\EmbeddedObjects.vbproj", "{2048899E-965D-4BB2-9541-C1BEEDF68423}"
EndProject
Project("{FAE04EC0-301F-11D3-BF4B-00C04F79EFBC}") = "CustomizingEmailHeaders", "ProgrammersGuide\ProgrammingEmail\SendingWithSMTP\CustomizingEmailHeaders\VisualBasic\CustomizingEmailHeaders.vbproj", "{499A1DDF-63E0-43CA-9137-79989B32C642}"
EndProject
Project("{FAE04EC0-301F-11D3-BF4B-00C04F79EFBC}") = "SendingEmails", "ProgrammersGuide\ProgrammingEmail\SendingWithSMTP\SendingEmails\VisualBasic\SendingEmails.vbproj", "{09E3DA3B-634A-403F-8F26-A1C172F7B5A2}"
EndProject
Project("{FAE04EC0-301F-11D3-BF4B-00C04F79EFBC}") = "SSLEnabledSMTPServer", "ProgrammersGuide\ProgrammingEmail\SendingWithSMTP\SSLEnabledSMTPServer\VisualBasic\SSLEnabledSMTPServer.vbproj", "{41016203-385F-435A-8174-1EAF10B29868}"
EndProject
Project("{FAE04EC0-301F-11D3-BF4B-00C04F79EFBC}") = "MultipleRecipients", "ProgrammersGuide\ProgrammingEmail\SendingWithSMTP\MultipleRecipients\VisualBasic\MultipleRecipients.vbproj", "{871045BA-8BEA-4543-9081-BCDA5BD967F2}"
EndProject
Project("{FAE04EC0-301F-11D3-BF4B-00C04F79EFBC}") = "MeetingRequests", "ProgrammersGuide\ProgrammingEmail\SendingWithSMTP\MeetingRequests\VisualBasic\MeetingRequests.vbproj", "{8F9F0EE0-194C-47C3-B82F-744CC8B5F98A}"
EndProject
Project("{FAE04EC0-301F-11D3-BF4B-00C04F79EFBC}") = "MailMerge", "ProgrammersGuide\ProgrammingEmail\SendingWithSMTP\MailMerge\VisualBasic\MailMerge.vbproj", "{BEF750E8-2995-4E9F-BEF3-BBA261F489DD}"
EndProject
Project("{FAE04EC0-301F-11D3-BF4B-00C04F79EFBC}") = "SendingEMLFilesWithSMTP", "ProgrammersGuide\ProgrammingEmail\SendingWithSMTP\SendingEMLFilesWithSMTP\VisualBasic\SendingEMLFilesWithSMTP.vbproj", "{7F2AA12E-4B17-4123-85A8-3BB526B070FA}"
EndProject
Project("{FAE04EC0-301F-11D3-BF4B-00C04F79EFBC}") = "LoadSmtpConfigFile", "ProgrammersGuide\ProgrammingEmail\SendingWithSMTP\LoadSmtpConfigFile\VisualBasic\LoadSmtpConfigFile.vbproj", "{37C7F2E2-D8CF-4A15-8802-EEF79939808A}"
EndProject
Project("{2150E333-8FDC-42A3-9474-1A3956D46DE8}") = "SetMailBody", "SetMailBody", "{C4EA9B59-2E45-4794-97C6-03626628F08E}"
EndProject
Project("{FAE04EC0-301F-11D3-BF4B-00C04F79EFBC}") = "SettingHTMLBody", "ProgrammersGuide\ProgrammingEmail\SendingWithSMTP\SetMailBody\SettingHTMLBody\VisualBasic\SettingHTMLBody.vbproj", "{FF371D66-CED6-4180-B3CA-4E4AAC0AF775}"
EndProject
Project("{FAE04EC0-301F-11D3-BF4B-00C04F79EFBC}") = "SettingTextBody", "ProgrammersGuide\ProgrammingEmail\SendingWithSMTP\SetMailBody\SettingTextBody\VisualBasic\SettingTextBody.vbproj", "{497BC9BE-2C52-4DFC-A062-EF93451694F9}"
EndProject
Project("{2150E333-8FDC-42A3-9474-1A3956D46DE8}") = "ImportingExportingEmails", "ImportingExportingEmails", "{658FC93B-448D-41F6-8CBB-7BFCA2B06BC0}"
EndProject
Project("{FAE04EC0-301F-11D3-BF4B-00C04F79EFBC}") = "ImportEML", "ProgrammersGuide\ProgrammingEmail\SendingWithSMTP\ImportingExportingEmails\ImportEML\VisualBasic\ImportEML.vbproj", "{9D0420E6-C762-4025-A70D-147998579961}"
EndProject
Project("{FAE04EC0-301F-11D3-BF4B-00C04F79EFBC}") = "ExportAsEML", "ProgrammersGuide\ProgrammingEmail\SendingWithSMTP\ImportingExportingEmails\ExportAsEML\VisualBasic\ExportAsEML.vbproj", "{2DBA76E0-621B-4F0D-8399-0CD98C733E4C}"
EndProject
Project("{2150E333-8FDC-42A3-9474-1A3956D46DE8}") = "ProtocolUtilityFeatures", "ProtocolUtilityFeatures", "{B390C544-690A-4806-9877-556F0783702D}"
EndProject
Project("{FAE04EC0-301F-11D3-BF4B-00C04F79EFBC}") = "SetEmailInfo", "ProgrammersGuide\ProgrammingEmail\SendingWithSMTP\ProtocolUtilityFeatures\SetEmailInfo\VisualBasic\SetEmailInfo.vbproj", "{443431D8-D8BF-4641-BAAC-75A60F344449}"
EndProject
Project("{FAE04EC0-301F-11D3-BF4B-00C04F79EFBC}") = "DeliveryNotifications", "ProgrammersGuide\ProgrammingEmail\SendingWithSMTP\ProtocolUtilityFeatures\DeliveryNotifications\VisualBasic\DeliveryNotifications.vbproj", "{665CDFE7-824C-4CDA-9E2F-6643661EEC34}"
EndProject
Project("{FAE04EC0-301F-11D3-BF4B-00C04F79EFBC}") = "CustomizingEmailHeader", "ProgrammersGuide\ProgrammingEmail\SendingWithSMTP\ProtocolUtilityFeatures\CustomizingEmailHeader\VisualBasic\CustomizingEmailHeader.vbproj", "{0FD462DF-859D-403A-A62B-3CB97F2D54A6}"
EndProject
Project("{2150E333-8FDC-42A3-9474-1A3956D46DE8}") = "AsposeEmailHowTos", "AsposeEmailHowTos", "{C4CAF717-C5C6-4CE6-81C1-457045A5B797}"
EndProject
Project("{FAE04EC0-301F-11D3-BF4B-00C04F79EFBC}") = "DraftAppointmentRequest", "ProgrammersGuide\ProgrammingEmail\AsposeEmailHowTos\DraftAppointmentRequest\VisualBasic\DraftAppointmentRequest.vbproj", "{4AA29EBC-D540-4BF8-8F97-A28771C1FD9E}"
EndProject
Project("{2150E333-8FDC-42A3-9474-1A3956D46DE8}") = "ManageEmailMessages", "ManageEmailMessages", "{3CE7B970-323C-4244-BBAF-26CBF72CE7F4}"
EndProject
Project("{FAE04EC0-301F-11D3-BF4B-00C04F79EFBC}") = "ExtractingEmailHeaders", "ProgrammersGuide\ProgrammingEmail\ManageEmailMessages\ExtractingEmailHeaders\VisualBasic\ExtractingEmailHeaders.vbproj", "{62EC2793-504C-4945-85DA-9D9FC2E8B235}"
EndProject
Project("{FAE04EC0-301F-11D3-BF4B-00C04F79EFBC}") = "DisplayEmailInformation", "ProgrammersGuide\ProgrammingEmail\ManageEmailMessages\DisplayEmailInformation\VisualBasic\DisplayEmailInformation.vbproj", "{CC1C16FB-D565-4A95-9341-4B2A65F3BD95}"
EndProject
Project("{2150E333-8FDC-42A3-9474-1A3956D46DE8}") = "ManagingEmailMessagesPOP3", "ManagingEmailMessagesPOP3", "{A76B0BA1-5C26-4DD6-871D-C2EE521A57E6}"
EndProject
Project("{FAE04EC0-301F-11D3-BF4B-00C04F79EFBC}") = "ConnectingToPOP3", "ProgrammersGuide\ProgrammingEmail\ManagingEmailMessagesPOP3\ConnectingToPOP3\VisualBasic\ConnectingToPOP3.vbproj", "{975DBF6E-9D13-48E6-BF93-203A556B4AEA}"
EndProject
Project("{FAE04EC0-301F-11D3-BF4B-00C04F79EFBC}") = "SSLEnabledPOP3Server", "ProgrammersGuide\ProgrammingEmail\ManagingEmailMessagesPOP3\SSLEnabledPOP3Server\VisualBasic\SSLEnabledPOP3Server.vbproj", "{32E26008-3B75-4A21-8D47-D63FE6D273A3}"
EndProject
Project("{FAE04EC0-301F-11D3-BF4B-00C04F79EFBC}") = "GettingMailboxInfo", "ProgrammersGuide\ProgrammingEmail\ManagingEmailMessagesPOP3\GettingMailboxInfo\VisualBasic\GettingMailboxInfo.vbproj", "{12EEC77D-FB2C-4A1E-A901-FF6C76E22EA2}"
EndProject
Project("{2150E333-8FDC-42A3-9474-1A3956D46DE8}") = "ReceivingAndSavingToDisk", "ReceivingAndSavingToDisk", "{CF7864C5-DF02-49AE-A067-C4194C1E728C}"
EndProject
Project("{FAE04EC0-301F-11D3-BF4B-00C04F79EFBC}") = "RetrievingEmailHeaders", "ProgrammersGuide\ProgrammingEmail\ManagingEmailMessagesPOP3\ReceivingAndSavingToDisk\RetrievingEmailHeaders\VisualBasic\RetrievingEmailHeaders.vbproj", "{19DB1DE4-D171-412E-B2A3-D9E03A3E4C7E}"
EndProject
Project("{FAE04EC0-301F-11D3-BF4B-00C04F79EFBC}") = "RetrievingEmailMessages", "ProgrammersGuide\ProgrammingEmail\ManagingEmailMessagesPOP3\ReceivingAndSavingToDisk\RetrievingEmailMessages\VisualBasic\RetrievingEmailMessages.vbproj", "{2359C02B-FE82-4FF1-A82C-5A88C489FBA0}"
EndProject
Project("{FAE04EC0-301F-11D3-BF4B-00C04F79EFBC}") = "SaveToDiskWithoutParsing", "ProgrammersGuide\ProgrammingEmail\ManagingEmailMessagesPOP3\ReceivingAndSavingToDisk\SaveToDiskWithoutParsing\VisualBasic\SaveToDiskWithoutParsing.vbproj", "{5EE65269-5630-434E-BA79-71E81F86E5C5}"
EndProject
Project("{FAE04EC0-301F-11D3-BF4B-00C04F79EFBC}") = "ParseMessageAndSave", "ProgrammersGuide\ProgrammingEmail\ManagingEmailMessagesPOP3\ReceivingAndSavingToDisk\ParseMessageAndSave\VisualBasic\ParseMessageAndSave.vbproj", "{E97BE81D-F2E0-4D28-8391-77AC8135B0FE}"
EndProject
Project("{FAE04EC0-301F-11D3-BF4B-00C04F79EFBC}") = "RecipientInformation", "ProgrammersGuide\ProgrammingEmail\ManagingEmailMessagesPOP3\ReceivingAndSavingToDisk\RecipientInformation\VisualBasic\RecipientInformation.vbproj", "{C3517760-320B-468F-884D-5FC6F47DC2B4}"
EndProject
Project("{2150E333-8FDC-42A3-9474-1A3956D46DE8}") = "ManagingEmailsWithIMAP", "ManagingEmailsWithIMAP", "{8C60C216-1ADF-4161-9EA2-F2ABD654C932}"
EndProject
Project("{FAE04EC0-301F-11D3-BF4B-00C04F79EFBC}") = "ConnectingWithIMAPServer", "ProgrammersGuide\ProgrammingEmail\ManagingEmailsWithIMAP\ConnectingWithIMAPServer\VisualBasic\ConnectingWithIMAPServer.vbproj", "{2F845F55-A6CB-43B5-A73E-911BCF922082}"
EndProject
Project("{FAE04EC0-301F-11D3-BF4B-00C04F79EFBC}") = "SSLEnabledIMAPServer", "ProgrammersGuide\ProgrammingEmail\ManagingEmailsWithIMAP\SSLEnabledIMAPServer\VisualBasic\SSLEnabledIMAPServer.vbproj", "{A4D17B34-F137-496F-90E7-D55B1B5FF03E}"
EndProject
Project("{FAE04EC0-301F-11D3-BF4B-00C04F79EFBC}") = "MessagesFromIMAPServerToDisk", "ProgrammersGuide\ProgrammingEmail\ManagingEmailsWithIMAP\MessagesFromIMAPServerToDisk\VisualBasic\MessagesFromIMAPServerToDisk.vbproj", "{59379909-3340-43E1-85FC-D82B430939D9}"
EndProject
Project("{FAE04EC0-301F-11D3-BF4B-00C04F79EFBC}") = "SettingMessageFlags", "ProgrammersGuide\ProgrammingEmail\ManagingEmailsWithIMAP\SettingMessageFlags\VisualBasic\SettingMessageFlags.vbproj", "{6B01E022-26F6-4983-B7DF-D744C6383BB2}"
EndProject
Project("{FAE04EC0-301F-11D3-BF4B-00C04F79EFBC}") = "RemovingMessageFlags", "ProgrammersGuide\ProgrammingEmail\ManagingEmailsWithIMAP\RemovingMessageFlags\VisualBasic\RemovingMessageFlags.vbproj", "{AAF42EFE-682C-4A57-A394-94A1E8C3305C}"
EndProject
Project("{FAE04EC0-301F-11D3-BF4B-00C04F79EFBC}") = "AddingNewMessage", "ProgrammersGuide\ProgrammingEmail\ManagingEmailsWithIMAP\AddingNewMessage\VisualBasic\AddingNewMessage.vbproj", "{D33982E3-8FF1-44A3-971E-4E8994CDB71A}"
EndProject
Project("{FAE04EC0-301F-11D3-BF4B-00C04F79EFBC}") = "GettingFoldersInformation", "ProgrammersGuide\ProgrammingEmail\ManagingEmailsWithIMAP\GettingFoldersInformation\VisualBasic\GettingFoldersInformation.vbproj", "{29B7BF08-C989-45CF-AF7D-2310F7BD8EEF}"
EndProject
Project("{FAE04EC0-301F-11D3-BF4B-00C04F79EFBC}") = "ReadMessagesRecursively", "ProgrammersGuide\ProgrammingEmail\ManagingEmailsWithIMAP\ReadMessagesRecursively\VisualBasic\ReadMessagesRecursively.vbproj", "{5492F8A8-13FC-4E46-AA87-87D8F02AC9BA}"
EndProject
Project("{2150E333-8FDC-42A3-9474-1A3956D46DE8}") = "DeletingAndRenamingFolders", "DeletingAndRenamingFolders", "{E9600B37-4A61-4CBF-AFD7-B0A175ABBD94}"
EndProject
Project("{FAE04EC0-301F-11D3-BF4B-00C04F79EFBC}") = "RenamingFolders", "ProgrammersGuide\ProgrammingEmail\ManagingEmailsWithIMAP\DeletingAndRenamingFolders\RenamingFolders\VisualBasic\RenamingFolders.vbproj", "{0CECBC8C-73E1-4020-9498-09954DE048D8}"
EndProject
Project("{FAE04EC0-301F-11D3-BF4B-00C04F79EFBC}") = "DeletingFolders", "ProgrammersGuide\ProgrammingEmail\ManagingEmailsWithIMAP\DeletingAndRenamingFolders\DeletingFolders\VisualBasic\DeletingFolders.vbproj", "{3D31898B-1FA5-4EE6-B96D-670B112A32A0}"
EndProject
Project("{2150E333-8FDC-42A3-9474-1A3956D46DE8}") = "ProgrammingOutlook", "ProgrammingOutlook", "{175A9358-04C2-4311-9E83-6934D1587694}"
EndProject
Project("{2150E333-8FDC-42A3-9474-1A3956D46DE8}") = "ManageMessageFiles", "ManageMessageFiles", "{2B8EF264-0561-49DD-98B6-0812D626A1AB}"
EndProject
Project("{FAE04EC0-301F-11D3-BF4B-00C04F79EFBC}") = "NewPSTAddSubfolders", "ProgrammersGuide\ProgrammingOutlook\ManageMessageFiles\NewPSTAddSubfolders\VisualBasic\NewPSTAddSubfolders.vbproj", "{08EED74A-ED15-4B8D-ACD9-12E92EBD5CA6}"
EndProject
Project("{2150E333-8FDC-42A3-9474-1A3956D46DE8}") = "WorkWithOutlookMSGFiles", "WorkWithOutlookMSGFiles", "{2239E30C-4BF8-47EC-B4EF-8D43D6CC3994}"
EndProject
Project("{FAE04EC0-301F-11D3-BF4B-00C04F79EFBC}") = "CreateSaveOutlookFiles", "ProgrammersGuide\ProgrammingOutlook\WorkWithOutlookMSGFiles\CreateSaveOutlookFiles\VisualBasic\CreateSaveOutlookFiles.vbproj", "{3AE0CBEB-CD64-4EAD-88A6-2EEC9E63F738}"
EndProject
Project("{2150E333-8FDC-42A3-9474-1A3956D46DE8}") = "KnowledgeBase", "KnowledgeBase", "{8135567F-8889-41DF-BCAC-2D882B55B46E}"
EndProject
Project("{FAE04EC0-301F-11D3-BF4B-00C04F79EFBC}") = "PrintingFeatures", "KnowledgeBase\PrintingFeatures\VisualBasic\PrintingFeatures.vbproj", "{3B2CCB0C-B2FA-447C-A73D-DDF5B6DC711F}"
EndProject
Project("{2150E333-8FDC-42A3-9474-1A3956D46DE8}") = "ProgrammingExchange", "ProgrammingExchange", "{55E6F992-D0A4-4982-86B0-962A8325C2C5}"
EndProject
Project("{2150E333-8FDC-42A3-9474-1A3956D46DE8}") = "WorkingWithExchangeTasks", "WorkingWithExchangeTasks", "{28742172-34C5-43E6-831E-AB0B00D0AB77}"
EndProject
Project("{F184B08F-C81C-45F6-A57F-5ABD9991F28F}") = "WorkingWithExchangeTask", "ProgrammersGuide\ProgrammingExchange\WorkingWithExchangeTask\VisualBasic\WorkingWithExchangeTask.vbproj", "{01D6D54B-A267-4230-9D0C-452333B06331}"
EndProject
Project("{2150E333-8FDC-42A3-9474-1A3956D46DE8}") = "WorkingWithMailMessage", "WorkingWithMailMessage", "{C84CE98C-D333-4C2C-85A9-2903100740A4}"
EndProject
Project("{F184B08F-C81C-45F6-A57F-5ABD9991F28F}") = "ProcessBouncedMsgs", "ProgrammersGuide\ProgrammingEmail\WorkingWithMailMessage\ProcessingBouncedMsgs\VisualBasic\ProcessBouncedMsgs.vbproj", "{76433565-0928-4BBB-9E2B-706395F230FD}"
EndProject
Project("{2150E333-8FDC-42A3-9474-1A3956D46DE8}") = "WorkingWithPSTFiles", "WorkingWithPSTFiles", "{E846F5B5-F5EE-4DE2-95E5-35EB40933DA2}"
EndProject
Project("{F184B08F-C81C-45F6-A57F-5ABD9991F28F}") = "SplitPST", "ProgrammersGuide\ProgrammingOutlook\WorkingWithPSTFiles\SplitPST\VisualBasic\SplitPST.vbproj", "{CACA31C0-1454-4DD6-84CA-859465782E1F}"
EndProject
Project("{F184B08F-C81C-45F6-A57F-5ABD9991F28F}") = "MergePSTFiles", "ProgrammersGuide\ProgrammingOutlook\WorkingWithPSTFiles\MergePST\VisualBasic\MergePSTFiles\MergePSTFiles.vbproj", "{68EA2F18-B170-48C8-81DC-B31787ECEA69}"
EndProject
Global
	GlobalSection(SolutionConfigurationPlatforms) = preSolution
		Debug|Any CPU = Debug|Any CPU
		Release|Any CPU = Release|Any CPU
	EndGlobalSection
	GlobalSection(ProjectConfigurationPlatforms) = postSolution
		{8234BC50-4EA2-4848-8B55-8B4E8D078364}.Debug|Any CPU.ActiveCfg = Debug|Any CPU
		{8234BC50-4EA2-4848-8B55-8B4E8D078364}.Debug|Any CPU.Build.0 = Debug|Any CPU
		{8234BC50-4EA2-4848-8B55-8B4E8D078364}.Release|Any CPU.ActiveCfg = Release|Any CPU
		{16B01DD8-FB7E-48D9-884B-1F33376B02C2}.Debug|Any CPU.ActiveCfg = Debug|Any CPU
		{16B01DD8-FB7E-48D9-884B-1F33376B02C2}.Debug|Any CPU.Build.0 = Debug|Any CPU
		{16B01DD8-FB7E-48D9-884B-1F33376B02C2}.Release|Any CPU.ActiveCfg = Release|Any CPU
		{A1F55D12-74EB-4D9A-A456-4D952CD8228B}.Debug|Any CPU.ActiveCfg = Debug|Any CPU
		{A1F55D12-74EB-4D9A-A456-4D952CD8228B}.Debug|Any CPU.Build.0 = Debug|Any CPU
		{A1F55D12-74EB-4D9A-A456-4D952CD8228B}.Release|Any CPU.ActiveCfg = Release|Any CPU
		{6BC9D6E5-19A3-4B63-A394-AD4563157D37}.Debug|Any CPU.ActiveCfg = Debug|Any CPU
		{6BC9D6E5-19A3-4B63-A394-AD4563157D37}.Debug|Any CPU.Build.0 = Debug|Any CPU
		{6BC9D6E5-19A3-4B63-A394-AD4563157D37}.Release|Any CPU.ActiveCfg = Release|Any CPU
		{2048899E-965D-4BB2-9541-C1BEEDF68423}.Debug|Any CPU.ActiveCfg = Debug|Any CPU
		{2048899E-965D-4BB2-9541-C1BEEDF68423}.Debug|Any CPU.Build.0 = Debug|Any CPU
		{2048899E-965D-4BB2-9541-C1BEEDF68423}.Release|Any CPU.ActiveCfg = Release|Any CPU
		{499A1DDF-63E0-43CA-9137-79989B32C642}.Debug|Any CPU.ActiveCfg = Debug|Any CPU
		{499A1DDF-63E0-43CA-9137-79989B32C642}.Debug|Any CPU.Build.0 = Debug|Any CPU
		{499A1DDF-63E0-43CA-9137-79989B32C642}.Release|Any CPU.ActiveCfg = Release|Any CPU
		{09E3DA3B-634A-403F-8F26-A1C172F7B5A2}.Debug|Any CPU.ActiveCfg = Debug|Any CPU
		{09E3DA3B-634A-403F-8F26-A1C172F7B5A2}.Debug|Any CPU.Build.0 = Debug|Any CPU
		{09E3DA3B-634A-403F-8F26-A1C172F7B5A2}.Release|Any CPU.ActiveCfg = Release|Any CPU
		{41016203-385F-435A-8174-1EAF10B29868}.Debug|Any CPU.ActiveCfg = Debug|Any CPU
		{41016203-385F-435A-8174-1EAF10B29868}.Debug|Any CPU.Build.0 = Debug|Any CPU
		{41016203-385F-435A-8174-1EAF10B29868}.Release|Any CPU.ActiveCfg = Release|Any CPU
		{41016203-385F-435A-8174-1EAF10B29868}.Release|Any CPU.Build.0 = Release|Any CPU
		{871045BA-8BEA-4543-9081-BCDA5BD967F2}.Debug|Any CPU.ActiveCfg = Debug|Any CPU
		{871045BA-8BEA-4543-9081-BCDA5BD967F2}.Debug|Any CPU.Build.0 = Debug|Any CPU
		{871045BA-8BEA-4543-9081-BCDA5BD967F2}.Release|Any CPU.ActiveCfg = Release|Any CPU
		{8F9F0EE0-194C-47C3-B82F-744CC8B5F98A}.Debug|Any CPU.ActiveCfg = Debug|Any CPU
		{8F9F0EE0-194C-47C3-B82F-744CC8B5F98A}.Debug|Any CPU.Build.0 = Debug|Any CPU
		{8F9F0EE0-194C-47C3-B82F-744CC8B5F98A}.Release|Any CPU.ActiveCfg = Release|Any CPU
		{BEF750E8-2995-4E9F-BEF3-BBA261F489DD}.Debug|Any CPU.ActiveCfg = Debug|Any CPU
		{BEF750E8-2995-4E9F-BEF3-BBA261F489DD}.Debug|Any CPU.Build.0 = Debug|Any CPU
		{BEF750E8-2995-4E9F-BEF3-BBA261F489DD}.Release|Any CPU.ActiveCfg = Release|Any CPU
		{7F2AA12E-4B17-4123-85A8-3BB526B070FA}.Debug|Any CPU.ActiveCfg = Debug|Any CPU
		{7F2AA12E-4B17-4123-85A8-3BB526B070FA}.Debug|Any CPU.Build.0 = Debug|Any CPU
		{7F2AA12E-4B17-4123-85A8-3BB526B070FA}.Release|Any CPU.ActiveCfg = Release|Any CPU
		{37C7F2E2-D8CF-4A15-8802-EEF79939808A}.Debug|Any CPU.ActiveCfg = Debug|Any CPU
		{37C7F2E2-D8CF-4A15-8802-EEF79939808A}.Debug|Any CPU.Build.0 = Debug|Any CPU
		{37C7F2E2-D8CF-4A15-8802-EEF79939808A}.Release|Any CPU.ActiveCfg = Release|Any CPU
		{FF371D66-CED6-4180-B3CA-4E4AAC0AF775}.Debug|Any CPU.ActiveCfg = Debug|Any CPU
		{FF371D66-CED6-4180-B3CA-4E4AAC0AF775}.Debug|Any CPU.Build.0 = Debug|Any CPU
		{FF371D66-CED6-4180-B3CA-4E4AAC0AF775}.Release|Any CPU.ActiveCfg = Release|Any CPU
		{497BC9BE-2C52-4DFC-A062-EF93451694F9}.Debug|Any CPU.ActiveCfg = Debug|Any CPU
		{497BC9BE-2C52-4DFC-A062-EF93451694F9}.Debug|Any CPU.Build.0 = Debug|Any CPU
		{497BC9BE-2C52-4DFC-A062-EF93451694F9}.Release|Any CPU.ActiveCfg = Release|Any CPU
		{9D0420E6-C762-4025-A70D-147998579961}.Debug|Any CPU.ActiveCfg = Debug|Any CPU
		{9D0420E6-C762-4025-A70D-147998579961}.Debug|Any CPU.Build.0 = Debug|Any CPU
		{9D0420E6-C762-4025-A70D-147998579961}.Release|Any CPU.ActiveCfg = Release|Any CPU
		{2DBA76E0-621B-4F0D-8399-0CD98C733E4C}.Debug|Any CPU.ActiveCfg = Debug|Any CPU
		{2DBA76E0-621B-4F0D-8399-0CD98C733E4C}.Debug|Any CPU.Build.0 = Debug|Any CPU
		{2DBA76E0-621B-4F0D-8399-0CD98C733E4C}.Release|Any CPU.ActiveCfg = Release|Any CPU
		{443431D8-D8BF-4641-BAAC-75A60F344449}.Debug|Any CPU.ActiveCfg = Debug|Any CPU
		{443431D8-D8BF-4641-BAAC-75A60F344449}.Debug|Any CPU.Build.0 = Debug|Any CPU
		{443431D8-D8BF-4641-BAAC-75A60F344449}.Release|Any CPU.ActiveCfg = Release|Any CPU
		{443431D8-D8BF-4641-BAAC-75A60F344449}.Release|Any CPU.Build.0 = Release|Any CPU
		{665CDFE7-824C-4CDA-9E2F-6643661EEC34}.Debug|Any CPU.ActiveCfg = Debug|Any CPU
		{665CDFE7-824C-4CDA-9E2F-6643661EEC34}.Debug|Any CPU.Build.0 = Debug|Any CPU
		{665CDFE7-824C-4CDA-9E2F-6643661EEC34}.Release|Any CPU.ActiveCfg = Release|Any CPU
		{0FD462DF-859D-403A-A62B-3CB97F2D54A6}.Debug|Any CPU.ActiveCfg = Debug|Any CPU
		{0FD462DF-859D-403A-A62B-3CB97F2D54A6}.Debug|Any CPU.Build.0 = Debug|Any CPU
		{0FD462DF-859D-403A-A62B-3CB97F2D54A6}.Release|Any CPU.ActiveCfg = Release|Any CPU
		{4AA29EBC-D540-4BF8-8F97-A28771C1FD9E}.Debug|Any CPU.ActiveCfg = Debug|Any CPU
		{4AA29EBC-D540-4BF8-8F97-A28771C1FD9E}.Debug|Any CPU.Build.0 = Debug|Any CPU
		{4AA29EBC-D540-4BF8-8F97-A28771C1FD9E}.Release|Any CPU.ActiveCfg = Release|Any CPU
		{4AA29EBC-D540-4BF8-8F97-A28771C1FD9E}.Release|Any CPU.Build.0 = Release|Any CPU
		{62EC2793-504C-4945-85DA-9D9FC2E8B235}.Debug|Any CPU.ActiveCfg = Debug|Any CPU
		{62EC2793-504C-4945-85DA-9D9FC2E8B235}.Debug|Any CPU.Build.0 = Debug|Any CPU
		{62EC2793-504C-4945-85DA-9D9FC2E8B235}.Release|Any CPU.ActiveCfg = Release|Any CPU
		{CC1C16FB-D565-4A95-9341-4B2A65F3BD95}.Debug|Any CPU.ActiveCfg = Debug|Any CPU
		{CC1C16FB-D565-4A95-9341-4B2A65F3BD95}.Debug|Any CPU.Build.0 = Debug|Any CPU
		{CC1C16FB-D565-4A95-9341-4B2A65F3BD95}.Release|Any CPU.ActiveCfg = Release|Any CPU
		{975DBF6E-9D13-48E6-BF93-203A556B4AEA}.Debug|Any CPU.ActiveCfg = Debug|Any CPU
		{975DBF6E-9D13-48E6-BF93-203A556B4AEA}.Debug|Any CPU.Build.0 = Debug|Any CPU
		{975DBF6E-9D13-48E6-BF93-203A556B4AEA}.Release|Any CPU.ActiveCfg = Release|Any CPU
		{32E26008-3B75-4A21-8D47-D63FE6D273A3}.Debug|Any CPU.ActiveCfg = Debug|Any CPU
		{32E26008-3B75-4A21-8D47-D63FE6D273A3}.Debug|Any CPU.Build.0 = Debug|Any CPU
		{32E26008-3B75-4A21-8D47-D63FE6D273A3}.Release|Any CPU.ActiveCfg = Release|Any CPU
		{32E26008-3B75-4A21-8D47-D63FE6D273A3}.Release|Any CPU.Build.0 = Release|Any CPU
		{12EEC77D-FB2C-4A1E-A901-FF6C76E22EA2}.Debug|Any CPU.ActiveCfg = Debug|Any CPU
		{12EEC77D-FB2C-4A1E-A901-FF6C76E22EA2}.Debug|Any CPU.Build.0 = Debug|Any CPU
		{12EEC77D-FB2C-4A1E-A901-FF6C76E22EA2}.Release|Any CPU.ActiveCfg = Release|Any CPU
		{19DB1DE4-D171-412E-B2A3-D9E03A3E4C7E}.Debug|Any CPU.ActiveCfg = Debug|Any CPU
		{19DB1DE4-D171-412E-B2A3-D9E03A3E4C7E}.Debug|Any CPU.Build.0 = Debug|Any CPU
		{19DB1DE4-D171-412E-B2A3-D9E03A3E4C7E}.Release|Any CPU.ActiveCfg = Release|Any CPU
		{2359C02B-FE82-4FF1-A82C-5A88C489FBA0}.Debug|Any CPU.ActiveCfg = Debug|Any CPU
		{2359C02B-FE82-4FF1-A82C-5A88C489FBA0}.Debug|Any CPU.Build.0 = Debug|Any CPU
		{2359C02B-FE82-4FF1-A82C-5A88C489FBA0}.Release|Any CPU.ActiveCfg = Release|Any CPU
		{5EE65269-5630-434E-BA79-71E81F86E5C5}.Debug|Any CPU.ActiveCfg = Debug|Any CPU
		{5EE65269-5630-434E-BA79-71E81F86E5C5}.Debug|Any CPU.Build.0 = Debug|Any CPU
		{5EE65269-5630-434E-BA79-71E81F86E5C5}.Release|Any CPU.ActiveCfg = Release|Any CPU
		{5EE65269-5630-434E-BA79-71E81F86E5C5}.Release|Any CPU.Build.0 = Release|Any CPU
		{E97BE81D-F2E0-4D28-8391-77AC8135B0FE}.Debug|Any CPU.ActiveCfg = Debug|Any CPU
		{E97BE81D-F2E0-4D28-8391-77AC8135B0FE}.Debug|Any CPU.Build.0 = Debug|Any CPU
		{E97BE81D-F2E0-4D28-8391-77AC8135B0FE}.Release|Any CPU.ActiveCfg = Release|Any CPU
		{C3517760-320B-468F-884D-5FC6F47DC2B4}.Debug|Any CPU.ActiveCfg = Debug|Any CPU
		{C3517760-320B-468F-884D-5FC6F47DC2B4}.Debug|Any CPU.Build.0 = Debug|Any CPU
		{C3517760-320B-468F-884D-5FC6F47DC2B4}.Release|Any CPU.ActiveCfg = Release|Any CPU
		{C3517760-320B-468F-884D-5FC6F47DC2B4}.Release|Any CPU.Build.0 = Release|Any CPU
		{2F845F55-A6CB-43B5-A73E-911BCF922082}.Debug|Any CPU.ActiveCfg = Debug|Any CPU
		{2F845F55-A6CB-43B5-A73E-911BCF922082}.Debug|Any CPU.Build.0 = Debug|Any CPU
		{2F845F55-A6CB-43B5-A73E-911BCF922082}.Release|Any CPU.ActiveCfg = Release|Any CPU
		{A4D17B34-F137-496F-90E7-D55B1B5FF03E}.Debug|Any CPU.ActiveCfg = Debug|Any CPU
		{A4D17B34-F137-496F-90E7-D55B1B5FF03E}.Debug|Any CPU.Build.0 = Debug|Any CPU
		{A4D17B34-F137-496F-90E7-D55B1B5FF03E}.Release|Any CPU.ActiveCfg = Release|Any CPU
		{A4D17B34-F137-496F-90E7-D55B1B5FF03E}.Release|Any CPU.Build.0 = Release|Any CPU
		{59379909-3340-43E1-85FC-D82B430939D9}.Debug|Any CPU.ActiveCfg = Debug|Any CPU
		{59379909-3340-43E1-85FC-D82B430939D9}.Debug|Any CPU.Build.0 = Debug|Any CPU
		{59379909-3340-43E1-85FC-D82B430939D9}.Release|Any CPU.ActiveCfg = Release|Any CPU
		{59379909-3340-43E1-85FC-D82B430939D9}.Release|Any CPU.Build.0 = Release|Any CPU
		{6B01E022-26F6-4983-B7DF-D744C6383BB2}.Debug|Any CPU.ActiveCfg = Debug|Any CPU
		{6B01E022-26F6-4983-B7DF-D744C6383BB2}.Debug|Any CPU.Build.0 = Debug|Any CPU
		{6B01E022-26F6-4983-B7DF-D744C6383BB2}.Release|Any CPU.ActiveCfg = Release|Any CPU
		{AAF42EFE-682C-4A57-A394-94A1E8C3305C}.Debug|Any CPU.ActiveCfg = Debug|Any CPU
		{AAF42EFE-682C-4A57-A394-94A1E8C3305C}.Debug|Any CPU.Build.0 = Debug|Any CPU
		{AAF42EFE-682C-4A57-A394-94A1E8C3305C}.Release|Any CPU.ActiveCfg = Release|Any CPU
		{D33982E3-8FF1-44A3-971E-4E8994CDB71A}.Debug|Any CPU.ActiveCfg = Debug|Any CPU
		{D33982E3-8FF1-44A3-971E-4E8994CDB71A}.Debug|Any CPU.Build.0 = Debug|Any CPU
		{D33982E3-8FF1-44A3-971E-4E8994CDB71A}.Release|Any CPU.ActiveCfg = Release|Any CPU
		{29B7BF08-C989-45CF-AF7D-2310F7BD8EEF}.Debug|Any CPU.ActiveCfg = Debug|Any CPU
		{29B7BF08-C989-45CF-AF7D-2310F7BD8EEF}.Debug|Any CPU.Build.0 = Debug|Any CPU
		{29B7BF08-C989-45CF-AF7D-2310F7BD8EEF}.Release|Any CPU.ActiveCfg = Release|Any CPU
		{5492F8A8-13FC-4E46-AA87-87D8F02AC9BA}.Debug|Any CPU.ActiveCfg = Debug|Any CPU
		{5492F8A8-13FC-4E46-AA87-87D8F02AC9BA}.Debug|Any CPU.Build.0 = Debug|Any CPU
		{5492F8A8-13FC-4E46-AA87-87D8F02AC9BA}.Release|Any CPU.ActiveCfg = Release|Any CPU
		{0CECBC8C-73E1-4020-9498-09954DE048D8}.Debug|Any CPU.ActiveCfg = Debug|Any CPU
		{0CECBC8C-73E1-4020-9498-09954DE048D8}.Debug|Any CPU.Build.0 = Debug|Any CPU
		{0CECBC8C-73E1-4020-9498-09954DE048D8}.Release|Any CPU.ActiveCfg = Release|Any CPU
		{3D31898B-1FA5-4EE6-B96D-670B112A32A0}.Debug|Any CPU.ActiveCfg = Debug|Any CPU
		{3D31898B-1FA5-4EE6-B96D-670B112A32A0}.Debug|Any CPU.Build.0 = Debug|Any CPU
		{3D31898B-1FA5-4EE6-B96D-670B112A32A0}.Release|Any CPU.ActiveCfg = Release|Any CPU
		{08EED74A-ED15-4B8D-ACD9-12E92EBD5CA6}.Debug|Any CPU.ActiveCfg = Debug|Any CPU
		{08EED74A-ED15-4B8D-ACD9-12E92EBD5CA6}.Debug|Any CPU.Build.0 = Debug|Any CPU
		{08EED74A-ED15-4B8D-ACD9-12E92EBD5CA6}.Release|Any CPU.ActiveCfg = Release|Any CPU
		{3AE0CBEB-CD64-4EAD-88A6-2EEC9E63F738}.Debug|Any CPU.ActiveCfg = Debug|Any CPU
		{3AE0CBEB-CD64-4EAD-88A6-2EEC9E63F738}.Debug|Any CPU.Build.0 = Debug|Any CPU
		{3AE0CBEB-CD64-4EAD-88A6-2EEC9E63F738}.Release|Any CPU.ActiveCfg = Release|Any CPU
		{3B2CCB0C-B2FA-447C-A73D-DDF5B6DC711F}.Debug|Any CPU.ActiveCfg = Debug|Any CPU
		{3B2CCB0C-B2FA-447C-A73D-DDF5B6DC711F}.Debug|Any CPU.Build.0 = Debug|Any CPU
		{3B2CCB0C-B2FA-447C-A73D-DDF5B6DC711F}.Release|Any CPU.ActiveCfg = Release|Any CPU
		{01D6D54B-A267-4230-9D0C-452333B06331}.Debug|Any CPU.ActiveCfg = Debug|Any CPU
		{01D6D54B-A267-4230-9D0C-452333B06331}.Debug|Any CPU.Build.0 = Debug|Any CPU
		{01D6D54B-A267-4230-9D0C-452333B06331}.Release|Any CPU.ActiveCfg = Release|Any CPU
		{01D6D54B-A267-4230-9D0C-452333B06331}.Release|Any CPU.Build.0 = Release|Any CPU
		{76433565-0928-4BBB-9E2B-706395F230FD}.Debug|Any CPU.ActiveCfg = Debug|Any CPU
		{76433565-0928-4BBB-9E2B-706395F230FD}.Debug|Any CPU.Build.0 = Debug|Any CPU
		{76433565-0928-4BBB-9E2B-706395F230FD}.Release|Any CPU.ActiveCfg = Release|Any CPU
		{76433565-0928-4BBB-9E2B-706395F230FD}.Release|Any CPU.Build.0 = Release|Any CPU
		{CACA31C0-1454-4DD6-84CA-859465782E1F}.Debug|Any CPU.ActiveCfg = Debug|Any CPU
		{CACA31C0-1454-4DD6-84CA-859465782E1F}.Debug|Any CPU.Build.0 = Debug|Any CPU
		{CACA31C0-1454-4DD6-84CA-859465782E1F}.Release|Any CPU.ActiveCfg = Release|Any CPU
		{CACA31C0-1454-4DD6-84CA-859465782E1F}.Release|Any CPU.Build.0 = Release|Any CPU
		{68EA2F18-B170-48C8-81DC-B31787ECEA69}.Debug|Any CPU.ActiveCfg = Debug|Any CPU
		{68EA2F18-B170-48C8-81DC-B31787ECEA69}.Debug|Any CPU.Build.0 = Debug|Any CPU
		{68EA2F18-B170-48C8-81DC-B31787ECEA69}.Release|Any CPU.ActiveCfg = Release|Any CPU
		{68EA2F18-B170-48C8-81DC-B31787ECEA69}.Release|Any CPU.Build.0 = Release|Any CPU
	EndGlobalSection
	GlobalSection(SolutionProperties) = preSolution
		HideSolutionNode = FALSE
	EndGlobalSection
	GlobalSection(NestedProjects) = preSolution
		{78A29AAF-B4E8-4EF2-A120-FC9719E17D04} = {C8638323-2372-47F7-A6F7-B6B5F59CB62D}
		{175A9358-04C2-4311-9E83-6934D1587694} = {C8638323-2372-47F7-A6F7-B6B5F59CB62D}
		{55E6F992-D0A4-4982-86B0-962A8325C2C5} = {C8638323-2372-47F7-A6F7-B6B5F59CB62D}
		{8234BC50-4EA2-4848-8B55-8B4E8D078364} = {78A29AAF-B4E8-4EF2-A120-FC9719E17D04}
		{16B01DD8-FB7E-48D9-884B-1F33376B02C2} = {78A29AAF-B4E8-4EF2-A120-FC9719E17D04}
		{4D7C2CF9-43CA-4C05-81AE-7BE2900C09C7} = {78A29AAF-B4E8-4EF2-A120-FC9719E17D04}
		{C4CAF717-C5C6-4CE6-81C1-457045A5B797} = {78A29AAF-B4E8-4EF2-A120-FC9719E17D04}
		{3CE7B970-323C-4244-BBAF-26CBF72CE7F4} = {78A29AAF-B4E8-4EF2-A120-FC9719E17D04}
		{A76B0BA1-5C26-4DD6-871D-C2EE521A57E6} = {78A29AAF-B4E8-4EF2-A120-FC9719E17D04}
		{8C60C216-1ADF-4161-9EA2-F2ABD654C932} = {78A29AAF-B4E8-4EF2-A120-FC9719E17D04}
		{C84CE98C-D333-4C2C-85A9-2903100740A4} = {78A29AAF-B4E8-4EF2-A120-FC9719E17D04}
		{A1F55D12-74EB-4D9A-A456-4D952CD8228B} = {4D7C2CF9-43CA-4C05-81AE-7BE2900C09C7}
		{6BC9D6E5-19A3-4B63-A394-AD4563157D37} = {4D7C2CF9-43CA-4C05-81AE-7BE2900C09C7}
		{2048899E-965D-4BB2-9541-C1BEEDF68423} = {4D7C2CF9-43CA-4C05-81AE-7BE2900C09C7}
		{499A1DDF-63E0-43CA-9137-79989B32C642} = {4D7C2CF9-43CA-4C05-81AE-7BE2900C09C7}
		{09E3DA3B-634A-403F-8F26-A1C172F7B5A2} = {4D7C2CF9-43CA-4C05-81AE-7BE2900C09C7}
		{871045BA-8BEA-4543-9081-BCDA5BD967F2} = {4D7C2CF9-43CA-4C05-81AE-7BE2900C09C7}
		{8F9F0EE0-194C-47C3-B82F-744CC8B5F98A} = {4D7C2CF9-43CA-4C05-81AE-7BE2900C09C7}
		{BEF750E8-2995-4E9F-BEF3-BBA261F489DD} = {4D7C2CF9-43CA-4C05-81AE-7BE2900C09C7}
		{7F2AA12E-4B17-4123-85A8-3BB526B070FA} = {4D7C2CF9-43CA-4C05-81AE-7BE2900C09C7}
		{37C7F2E2-D8CF-4A15-8802-EEF79939808A} = {4D7C2CF9-43CA-4C05-81AE-7BE2900C09C7}
		{C4EA9B59-2E45-4794-97C6-03626628F08E} = {4D7C2CF9-43CA-4C05-81AE-7BE2900C09C7}
		{658FC93B-448D-41F6-8CBB-7BFCA2B06BC0} = {4D7C2CF9-43CA-4C05-81AE-7BE2900C09C7}
		{B390C544-690A-4806-9877-556F0783702D} = {4D7C2CF9-43CA-4C05-81AE-7BE2900C09C7}
		{FF371D66-CED6-4180-B3CA-4E4AAC0AF775} = {C4EA9B59-2E45-4794-97C6-03626628F08E}
		{497BC9BE-2C52-4DFC-A062-EF93451694F9} = {C4EA9B59-2E45-4794-97C6-03626628F08E}
		{9D0420E6-C762-4025-A70D-147998579961} = {658FC93B-448D-41F6-8CBB-7BFCA2B06BC0}
		{2DBA76E0-621B-4F0D-8399-0CD98C733E4C} = {658FC93B-448D-41F6-8CBB-7BFCA2B06BC0}
		{665CDFE7-824C-4CDA-9E2F-6643661EEC34} = {B390C544-690A-4806-9877-556F0783702D}
		{0FD462DF-859D-403A-A62B-3CB97F2D54A6} = {B390C544-690A-4806-9877-556F0783702D}
		{62EC2793-504C-4945-85DA-9D9FC2E8B235} = {3CE7B970-323C-4244-BBAF-26CBF72CE7F4}
		{CC1C16FB-D565-4A95-9341-4B2A65F3BD95} = {3CE7B970-323C-4244-BBAF-26CBF72CE7F4}
		{975DBF6E-9D13-48E6-BF93-203A556B4AEA} = {A76B0BA1-5C26-4DD6-871D-C2EE521A57E6}
		{12EEC77D-FB2C-4A1E-A901-FF6C76E22EA2} = {A76B0BA1-5C26-4DD6-871D-C2EE521A57E6}
		{CF7864C5-DF02-49AE-A067-C4194C1E728C} = {A76B0BA1-5C26-4DD6-871D-C2EE521A57E6}
		{19DB1DE4-D171-412E-B2A3-D9E03A3E4C7E} = {CF7864C5-DF02-49AE-A067-C4194C1E728C}
		{2359C02B-FE82-4FF1-A82C-5A88C489FBA0} = {CF7864C5-DF02-49AE-A067-C4194C1E728C}
		{E97BE81D-F2E0-4D28-8391-77AC8135B0FE} = {CF7864C5-DF02-49AE-A067-C4194C1E728C}
		{2F845F55-A6CB-43B5-A73E-911BCF922082} = {8C60C216-1ADF-4161-9EA2-F2ABD654C932}
		{6B01E022-26F6-4983-B7DF-D744C6383BB2} = {8C60C216-1ADF-4161-9EA2-F2ABD654C932}
		{AAF42EFE-682C-4A57-A394-94A1E8C3305C} = {8C60C216-1ADF-4161-9EA2-F2ABD654C932}
		{D33982E3-8FF1-44A3-971E-4E8994CDB71A} = {8C60C216-1ADF-4161-9EA2-F2ABD654C932}
		{29B7BF08-C989-45CF-AF7D-2310F7BD8EEF} = {8C60C216-1ADF-4161-9EA2-F2ABD654C932}
		{5492F8A8-13FC-4E46-AA87-87D8F02AC9BA} = {8C60C216-1ADF-4161-9EA2-F2ABD654C932}
		{E9600B37-4A61-4CBF-AFD7-B0A175ABBD94} = {8C60C216-1ADF-4161-9EA2-F2ABD654C932}
		{0CECBC8C-73E1-4020-9498-09954DE048D8} = {E9600B37-4A61-4CBF-AFD7-B0A175ABBD94}
		{3D31898B-1FA5-4EE6-B96D-670B112A32A0} = {E9600B37-4A61-4CBF-AFD7-B0A175ABBD94}
		{2B8EF264-0561-49DD-98B6-0812D626A1AB} = {175A9358-04C2-4311-9E83-6934D1587694}
		{2239E30C-4BF8-47EC-B4EF-8D43D6CC3994} = {175A9358-04C2-4311-9E83-6934D1587694}
		{E846F5B5-F5EE-4DE2-95E5-35EB40933DA2} = {175A9358-04C2-4311-9E83-6934D1587694}
		{08EED74A-ED15-4B8D-ACD9-12E92EBD5CA6} = {2B8EF264-0561-49DD-98B6-0812D626A1AB}
		{3AE0CBEB-CD64-4EAD-88A6-2EEC9E63F738} = {2239E30C-4BF8-47EC-B4EF-8D43D6CC3994}
		{3B2CCB0C-B2FA-447C-A73D-DDF5B6DC711F} = {8135567F-8889-41DF-BCAC-2D882B55B46E}
		{28742172-34C5-43E6-831E-AB0B00D0AB77} = {55E6F992-D0A4-4982-86B0-962A8325C2C5}
		{01D6D54B-A267-4230-9D0C-452333B06331} = {28742172-34C5-43E6-831E-AB0B00D0AB77}
		{76433565-0928-4BBB-9E2B-706395F230FD} = {C84CE98C-D333-4C2C-85A9-2903100740A4}
		{CACA31C0-1454-4DD6-84CA-859465782E1F} = {E846F5B5-F5EE-4DE2-95E5-35EB40933DA2}
		{68EA2F18-B170-48C8-81DC-B31787ECEA69} = {E846F5B5-F5EE-4DE2-95E5-35EB40933DA2}
	EndGlobalSection
EndGlobal
