
Microsoft Visual Studio Solution File, Format Version 12.00
# Visual Studio 2012
Project("{FAE04EC0-301F-11D3-BF4B-00C04F79EFBC}") = "Aspose Email", "Aspose Email\Aspose Email.csproj", "{463E31E4-5D7F-4732-AB20-ED7D4B036C12}"
EndProject
Project("{FAE04EC0-301F-11D3-BF4B-00C04F79EFBC}") = "VSTO Email", "VSTO Email\VSTO Email.csproj", "{BFE060A5-575C-4102-82DA-D2E181915B3B}"
EndProject
Global
	GlobalSection(SolutionConfigurationPlatforms) = preSolution
		Debug|Any CPU = Debug|Any CPU
		Release|Any CPU = Release|Any CPU
	EndGlobalSection
	GlobalSection(ProjectConfigurationPlatforms) = postSolution
		{463E31E4-5D7F-4732-AB20-ED7D4B036C12}.Debug|Any CPU.ActiveCfg = Debug|Any CPU
		{463E31E4-5D7F-4732-AB20-ED7D4B036C12}.Debug|Any CPU.Build.0 = Debug|Any CPU
		{463E31E4-5D7F-4732-AB20-ED7D4B036C12}.Release|Any CPU.ActiveCfg = Release|Any CPU
		{463E31E4-5D7F-4732-AB20-ED7D4B036C12}.Release|Any CPU.Build.0 = Release|Any CPU
		{BFE060A5-575C-4102-82DA-D2E181915B3B}.Debug|Any CPU.ActiveCfg = Debug|Any CPU
		{BFE060A5-575C-4102-82DA-D2E181915B3B}.Debug|Any CPU.Build.0 = Debug|Any CPU
		{BFE060A5-575C-4102-82DA-D2E181915B3B}.Release|Any CPU.ActiveCfg = Release|Any CPU
		{BFE060A5-575C-4102-82DA-D2E181915B3B}.Release|Any CPU.Build.0 = Release|Any CPU
	EndGlobalSection
	GlobalSection(SolutionProperties) = preSolution
		HideSolutionNode = FALSE
	EndGlobalSection
EndGlobal
