
Microsoft Visual Studio Solution File, Format Version 12.00
# Visual Studio 2012
Project("{FAE04EC0-301F-11D3-BF4B-00C04F79EFBC}") = "Aspose Email", "Aspose Email\Aspose Email.csproj", "{C90FC393-AAC5-4594-ADBD-0848C567A2F7}"
EndProject
Project("{FAE04EC0-301F-11D3-BF4B-00C04F79EFBC}") = "VSTO Outlook", "VSTO Outlook\VSTO Outlook.csproj", "{B36717E7-0A30-441A-8963-16F6F97FE1CC}"
EndProject
Global
	GlobalSection(SolutionConfigurationPlatforms) = preSolution
		Debug|Any CPU = Debug|Any CPU
		Release|Any CPU = Release|Any CPU
	EndGlobalSection
	GlobalSection(ProjectConfigurationPlatforms) = postSolution
		{C90FC393-AAC5-4594-ADBD-0848C567A2F7}.Debug|Any CPU.ActiveCfg = Debug|Any CPU
		{C90FC393-AAC5-4594-ADBD-0848C567A2F7}.Debug|Any CPU.Build.0 = Debug|Any CPU
		{C90FC393-AAC5-4594-ADBD-0848C567A2F7}.Release|Any CPU.ActiveCfg = Release|Any CPU
		{C90FC393-AAC5-4594-ADBD-0848C567A2F7}.Release|Any CPU.Build.0 = Release|Any CPU
		{B36717E7-0A30-441A-8963-16F6F97FE1CC}.Debug|Any CPU.ActiveCfg = Debug|Any CPU
		{B36717E7-0A30-441A-8963-16F6F97FE1CC}.Debug|Any CPU.Build.0 = Debug|Any CPU
		{B36717E7-0A30-441A-8963-16F6F97FE1CC}.Release|Any CPU.ActiveCfg = Release|Any CPU
		{B36717E7-0A30-441A-8963-16F6F97FE1CC}.Release|Any CPU.Build.0 = Release|Any CPU
	EndGlobalSection
	GlobalSection(SolutionProperties) = preSolution
		HideSolutionNode = FALSE
	EndGlobalSection
EndGlobal
