
Microsoft Visual Studio Solution File, Format Version 12.00
# Visual Studio Version 16
VisualStudioVersion = 16.0.30907.101
MinimumVisualStudioVersion = 10.0.40219.1
Project("{9A19103F-16F7-4668-BE54-9A1E7A4F7556}") = "Aspose.Email.Live.Demos.UI", "src\Aspose.Email.Live.Demos.UI\Aspose.Email.Live.Demos.UI.csproj", "{92F03DA6-FBB7-4972-81E1-B930B013B774}"
EndProject
Global
	GlobalSection(SolutionConfigurationPlatforms) = preSolution
		Debug|Any CPU = Debug|Any CPU
		Release|Any CPU = Release|Any CPU
		Release-PROD|Any CPU = Release-PROD|Any CPU
		Release-QA|Any CPU = Release-QA|Any CPU
	EndGlobalSection
	GlobalSection(ProjectConfigurationPlatforms) = postSolution
		{92F03DA6-FBB7-4972-81E1-B930B013B774}.Debug|Any CPU.ActiveCfg = Debug|Any CPU
		{92F03DA6-FBB7-4972-81E1-B930B013B774}.Debug|Any CPU.Build.0 = Debug|Any CPU
		{92F03DA6-FBB7-4972-81E1-B930B013B774}.Release|Any CPU.ActiveCfg = Release|Any CPU
		{92F03DA6-FBB7-4972-81E1-B930B013B774}.Release|Any CPU.Build.0 = Release|Any CPU
		{92F03DA6-FBB7-4972-81E1-B930B013B774}.Release-PROD|Any CPU.ActiveCfg = Release-PROD|Any CPU
		{92F03DA6-FBB7-4972-81E1-B930B013B774}.Release-PROD|Any CPU.Build.0 = Release-PROD|Any CPU
		{92F03DA6-FBB7-4972-81E1-B930B013B774}.Release-QA|Any CPU.ActiveCfg = Release-QA|Any CPU
		{92F03DA6-FBB7-4972-81E1-B930B013B774}.Release-QA|Any CPU.Build.0 = Release-QA|Any CPU
	EndGlobalSection
	GlobalSection(SolutionProperties) = preSolution
		HideSolutionNode = FALSE
	EndGlobalSection
	GlobalSection(ExtensibilityGlobals) = postSolution
		SolutionGuid = {6CF5712F-2ADE-46E0-B733-2FCF852C3032}
	EndGlobalSection
EndGlobal
